
Microsoft Visual Studio Solution File, Format Version 12.00
# Visual Studio 15
VisualStudioVersion = 15.0.26124.0
MinimumVisualStudioVersion = 15.0.26124.0
Project("{9A19103F-16F7-4668-BE54-9A1E7A4F7556}") = "R5T.Miletus.Construction", "R5T.Miletus.Construction\R5T.Miletus.Construction.csproj", "{8ECA86A3-00AF-4AB6-BF08-439CBBA18B2A}"
EndProject
Project("{9A19103F-16F7-4668-BE54-9A1E7A4F7556}") = "R5T.Miletus", "R5T.Miletus\R5T.Miletus.csproj", "{99625B81-AD1F-468C-B6C1-934B827C1266}"
EndProject
Project("{9A19103F-16F7-4668-BE54-9A1E7A4F7556}") = "R5T.Miletus.Configuration", "R5T.Miletus.Configuration\R5T.Miletus.Configuration.csproj", "{2A26A2A0-3C8C-4635-8EE0-285116CB77DB}"
EndProject
Project("{2150E333-8FDC-42A3-9474-1A3956D46DE8}") = "_Dependencies", "_Dependencies", "{974DCDF5-5216-48D7-9FFD-EE866C9BD914}"
EndProject
Project("{9A19103F-16F7-4668-BE54-9A1E7A4F7556}") = "R5T.Palembang.Default", "..\..\R5T.Palembang.Default\source\R5T.Palembang.Default\R5T.Palembang.Default.csproj", "{AFC3BAB5-D898-4ED0-964B-39FCBF6AB813}"
EndProject
Project("{9A19103F-16F7-4668-BE54-9A1E7A4F7556}") = "R5T.Angleterria", "..\..\R5T.Angleterria\source\R5T.Angleterria\R5T.Angleterria.csproj", "{885C8355-B8F8-43BF-BD12-8989CC62C717}"
EndProject
Project("{9A19103F-16F7-4668-BE54-9A1E7A4F7556}") = "R5T.Dacia.Extensions", "..\..\R5T.Dacia.Extensions\source\R5T.Dacia.Extensions\R5T.Dacia.Extensions.csproj", "{A27848DE-DEA9-4056-B1AA-79AAFFF879A7}"
EndProject
Project("{9A19103F-16F7-4668-BE54-9A1E7A4F7556}") = "R5T.Dacia", "..\..\R5T.Dacia\source\R5T.Dacia\R5T.Dacia.csproj", "{88A04799-E71E-4076-AD53-EA65A93787CF}"
EndProject
Project("{9A19103F-16F7-4668-BE54-9A1E7A4F7556}") = "R5T.Palembang.Base", "..\..\R5T.Palembang.Base\source\R5T.Palembang.Base\R5T.Palembang.Base.csproj", "{55DA692A-1327-4381-94EE-473F9DFF03D9}"
EndProject
Project("{FAE04EC0-301F-11D3-BF4B-00C04F79EFBC}") = "R5T.Miletus.Common", "R5T.Miletus.Common\R5T.Miletus.Common.csproj", "{C758C51B-26F8-46B8-B188-AB2E6DE8D374}"
EndProject
Project("{9A19103F-16F7-4668-BE54-9A1E7A4F7556}") = "R5T.Macommania.Base", "..\..\R5T.Macommania.Base\source\R5T.Macommania.Base\R5T.Macommania.Base.csproj", "{73AA6A9E-D603-4E5A-9284-F84F073D9486}"
EndProject
Project("{9A19103F-16F7-4668-BE54-9A1E7A4F7556}") = "R5T.Ujung.Base", "..\..\R5T.Ujung.Base\source\R5T.Ujung.Base\R5T.Ujung.Base.csproj", "{8A1D9CB2-BEC7-40D3-A402-2365676236FF}"
EndProject
Project("{9A19103F-16F7-4668-BE54-9A1E7A4F7556}") = "R5T.Karlstad.Base", "..\..\R5T.Karlstad.Base\source\R5T.Karlstad.Base\R5T.Karlstad.Base.csproj", "{EE6D5598-9034-48D4-99E3-0FE8B5203796}"
EndProject
Project("{9A19103F-16F7-4668-BE54-9A1E7A4F7556}") = "R5T.Lombardy.Base", "..\..\R5T.Lombardy.Base\source\R5T.Lombardy.Base\R5T.Lombardy.Base.csproj", "{CC86D5CE-AEDC-46DA-A5BB-EECF0962B45B}"
EndProject
Project("{FAE04EC0-301F-11D3-BF4B-00C04F79EFBC}") = "R5T.Miletus.Capua", "R5T.Miletus.Capua\R5T.Miletus.Capua.csproj", "{9412C625-5ACB-4567-8A6D-A1C91F96F687}"
EndProject
Project("{9A19103F-16F7-4668-BE54-9A1E7A4F7556}") = "R5T.Richmond.Types", "..\..\R5T.Richmond.Types\source\R5T.Richmond.Types\R5T.Richmond.Types.csproj", "{07DD1B6F-9BF6-4EF5-93FB-FAD2AF13794F}"
EndProject
Project("{9A19103F-16F7-4668-BE54-9A1E7A4F7556}") = "R5T.Capua.Standard", "..\..\R5T.Capua\source\R5T.Capua.Standard\R5T.Capua.Standard.csproj", "{72FF1D39-5813-4468-8B58-B7EE720CDD45}"
EndProject
Project("{9A19103F-16F7-4668-BE54-9A1E7A4F7556}") = "R5T.Liverpool.HostedServiceProgram", "..\..\R5T.Liverpool\source\R5T.Liverpool.HostedServiceProgram\R5T.Liverpool.HostedServiceProgram.csproj", "{7D9ABC05-73DA-4914-9734-7B2DB4C94936}"
EndProject
Project("{9A19103F-16F7-4668-BE54-9A1E7A4F7556}") = "R5T.Macommania.Standard", "..\..\R5T.Macommania.Standard\source\R5T.Macommania.Standard\R5T.Macommania.Standard.csproj", "{ED2D2B3B-6B54-451F-BD01-E36AEF70F4D3}"
EndProject
Project("{9A19103F-16F7-4668-BE54-9A1E7A4F7556}") = "R5T.Alamania.Standard", "..\..\R5T.Alamania.Standard\source\R5T.Alamania.Standard\R5T.Alamania.Standard.csproj", "{359BBFD5-780E-412B-9071-37E37E913D82}"
EndProject
Project("{9A19103F-16F7-4668-BE54-9A1E7A4F7556}") = "R5T.Alamania.Bulgaria", "..\..\R5T.Alamania.Bulgaria\source\R5T.Alamania.Bulgaria\R5T.Alamania.Bulgaria.csproj", "{0AB030AF-AB00-4932-B34F-50B96EB91896}"
EndProject
Project("{9A19103F-16F7-4668-BE54-9A1E7A4F7556}") = "R5T.Alamania.Base", "..\..\R5T.Alamania.Base\source\R5T.Alamania.Base\R5T.Alamania.Base.csproj", "{6F4CE617-A7F8-4ED8-A721-58C72B2CF068}"
EndProject
Project("{9A19103F-16F7-4668-BE54-9A1E7A4F7556}") = "R5T.Bulgaria.Base", "..\..\R5T.Bulgaria.Base\source\R5T.Bulgaria.Base\R5T.Bulgaria.Base.csproj", "{EE715AB8-79CC-4200-A739-162B08A88DB9}"
EndProject
Project("{9A19103F-16F7-4668-BE54-9A1E7A4F7556}") = "R5T.Costobocia.Base", "..\..\R5T.Costobocia.Base\source\R5T.Costobocia.Base\R5T.Costobocia.Base.csproj", "{8B9C01AE-D394-49FF-A2B9-B391D6A1B84D}"
EndProject
Project("{9A19103F-16F7-4668-BE54-9A1E7A4F7556}") = "R5T.Ostrogothia", "..\..\R5T.Ostrogothia\source\R5T.Ostrogothia\R5T.Ostrogothia.csproj", "{468B1A32-D541-4C65-A7C1-F42481FA6DF0}"
EndProject
Project("{9A19103F-16F7-4668-BE54-9A1E7A4F7556}") = "R5T.Ostrogothia.Rivet", "..\..\R5T.Ostrogothia.Rivet\source\R5T.Ostrogothia.Rivet\R5T.Ostrogothia.Rivet.csproj", "{B78E73F3-C0F2-4DFB-9FE6-9996114A75A3}"
EndProject
Project("{9A19103F-16F7-4668-BE54-9A1E7A4F7556}") = "R5T.Bulgaria.UserProfileDirectory", "..\..\R5T.Bulgaria.UserProfileDirectory\source\R5T.Bulgaria.UserProfileDirectory\R5T.Bulgaria.UserProfileDirectory.csproj", "{2031BB2A-6208-4149-8A0B-FCD076127E86}"
EndProject
Project("{9A19103F-16F7-4668-BE54-9A1E7A4F7556}") = "R5T.Bulgaria.Visigothia", "..\..\R5T.Bulgaria.Visigothia\source\R5T.Bulgaria.Visigothia\R5T.Bulgaria.Visigothia.csproj", "{0D8BCBDF-9FED-459C-ACD4-F41657EF4BC2}"
EndProject
Project("{9A19103F-16F7-4668-BE54-9A1E7A4F7556}") = "R5T.Peristeria.Base", "..\..\R5T.Peristeria.Base\source\R5T.Peristeria.Base\R5T.Peristeria.Base.csproj", "{74EDBD6E-ECDB-4FD2-BE98-377A2A4DF547}"
EndProject
Project("{9A19103F-16F7-4668-BE54-9A1E7A4F7556}") = "R5T.Visigothia.Base", "..\..\R5T.Visigothia.Base\source\R5T.Visigothia.Base\R5T.Visigothia.Base.csproj", "{854C8EFC-0106-4030-99D6-833C8C96515A}"
EndProject
Project("{9A19103F-16F7-4668-BE54-9A1E7A4F7556}") = "R5T.Lombardy.Standard", "..\..\R5T.Lombardy.Standard\source\R5T.Lombardy.Standard\R5T.Lombardy.Standard.csproj", "{BD0BAC7E-ED45-4EBF-A844-62B507C091A1}"
EndProject
Project("{9A19103F-16F7-4668-BE54-9A1E7A4F7556}") = "R5T.Lombardy", "..\..\R5T.Lombardy\source\R5T.Lombardy\R5T.Lombardy.csproj", "{74115F42-1DDC-4F11-8358-5E9F893315E2}"
EndProject
Project("{9A19103F-16F7-4668-BE54-9A1E7A4F7556}") = "R5T.Cherusci", "..\..\R5T.Cherusci\source\R5T.Cherusci\R5T.Cherusci.csproj", "{46347B5E-4618-4BB6-8CB2-993CE0001CCB}"
EndProject
Project("{9A19103F-16F7-4668-BE54-9A1E7A4F7556}") = "R5T.Magyar", "..\..\R5T.Magyar\source\R5T.Magyar\R5T.Magyar.csproj", "{81EDE4C3-05DC-4096-BC83-6517C4F63D48}"
EndProject
Project("{9A19103F-16F7-4668-BE54-9A1E7A4F7556}") = "R5T.Rugia", "..\..\R5T.Rugia\source\R5T.Rugia\R5T.Rugia.csproj", "{03436F5B-610A-4A0B-A23D-DB72A38A3236}"
EndProject
Project("{9A19103F-16F7-4668-BE54-9A1E7A4F7556}") = "R5T.Rugia.Base", "..\..\R5T.Rugia.Base\source\R5T.Rugia.Base\R5T.Rugia.Base.csproj", "{BB6E917B-D892-46D9-B07C-1AE4E5017222}"
EndProject
Project("{9A19103F-16F7-4668-BE54-9A1E7A4F7556}") = "R5T.Peristeria.Standard", "..\..\R5T.Peristeria.Standard\source\R5T.Peristeria.Standard\R5T.Peristeria.Standard.csproj", "{EB9BE095-5AD2-487B-B9E1-394E69B0C4B0}"
EndProject
Project("{9A19103F-16F7-4668-BE54-9A1E7A4F7556}") = "R5T.Peristeria.Default", "..\..\R5T.Peristeria.Default\source\R5T.Peristeria.Default\R5T.Peristeria.Default.csproj", "{E670637F-4C7B-41D6-A65E-178E1C71F8FE}"
EndProject
Project("{9A19103F-16F7-4668-BE54-9A1E7A4F7556}") = "R5T.Visigothia.Standard", "..\..\R5T.Visigothia.Standard\source\R5T.Visigothia.Standard\R5T.Visigothia.Standard.csproj", "{31D4C7E5-5A09-4C95-B5C8-BFDAF928A2CC}"
EndProject
Project("{9A19103F-16F7-4668-BE54-9A1E7A4F7556}") = "R5T.Visigothia.Local.Standard", "..\..\R5T.Visigothia.Local.Standard\source\R5T.Visigothia.Local.Standard\R5T.Visigothia.Local.Standard.csproj", "{73DBCC32-DA0A-4518-9411-B6314268A818}"
EndProject
Project("{9A19103F-16F7-4668-BE54-9A1E7A4F7556}") = "R5T.Visigothia.Local.Default", "..\..\R5T.Visigothia.Local.Default\source\R5T.Visigothia.Local.Default\R5T.Visigothia.Local.Default.csproj", "{C07AB634-1BB9-4CD7-9A99-FF890553B32F}"
EndProject
Project("{9A19103F-16F7-4668-BE54-9A1E7A4F7556}") = "R5T.Costobocia.Standard", "..\..\R5T.Costobocia.Standard\source\R5T.Costobocia.Standard\R5T.Costobocia.Standard.csproj", "{67076EC3-B9DC-4989-85EF-6E22C607B09C}"
EndProject
Project("{9A19103F-16F7-4668-BE54-9A1E7A4F7556}") = "R5T.Costobocia.Default", "..\..\R5T.Costobocia.Default\source\R5T.Costobocia.Default\R5T.Costobocia.Default.csproj", "{F51A518E-B221-4328-AFCB-76FBC57BB8C2}"
EndProject
Project("{9A19103F-16F7-4668-BE54-9A1E7A4F7556}") = "R5T.Gepidia.Local.Standard", "..\..\R5T.Gepidia.Local.Standard\source\R5T.Gepidia.Local.Standard\R5T.Gepidia.Local.Standard.csproj", "{EED05E5B-3B38-4CA2-A209-FE5F2BB0BBA8}"
EndProject
Project("{9A19103F-16F7-4668-BE54-9A1E7A4F7556}") = "R5T.Gepidia.Local", "..\..\R5T.Gepidia.Local\source\R5T.Gepidia.Local\R5T.Gepidia.Local.csproj", "{CB3FBD39-A54A-4B53-8534-17061AC6138A}"
EndProject
Project("{9A19103F-16F7-4668-BE54-9A1E7A4F7556}") = "R5T.Gepidia.Base", "..\..\R5T.Gepidia.Base\source\R5T.Gepidia.Base\R5T.Gepidia.Base.csproj", "{D1E02C78-EC34-4EA0-8B04-B652BA737FF0}"
EndProject
Project("{9A19103F-16F7-4668-BE54-9A1E7A4F7556}") = "R5T.Gepidia.Types", "..\..\R5T.Gepidia.Types\source\R5T.Gepidia.Types\R5T.Gepidia.Types.csproj", "{0AA034FB-508A-4A02-AEDC-EA7CF6D64906}"
EndProject
Project("{9A19103F-16F7-4668-BE54-9A1E7A4F7556}") = "R5T.Lombardy.Gepidia", "..\..\R5T.Lombardy.Gepidia\source\R5T.Lombardy.Gepidia\R5T.Lombardy.Gepidia.csproj", "{29F2E92D-AFBA-495C-86C6-246C5C534B99}"
EndProject
Project("{9A19103F-16F7-4668-BE54-9A1E7A4F7556}") = "R5T.Teutonia.Standard", "..\..\R5T.Teutonia.Standard\source\R5T.Teutonia.Standard\R5T.Teutonia.Standard.csproj", "{EF2DA55E-0DEC-4F25-A80C-429FA9871586}"
EndProject
Project("{9A19103F-16F7-4668-BE54-9A1E7A4F7556}") = "R5T.Teutonia.Default", "..\..\R5T.Teutonia.Default\source\R5T.Teutonia.Default\R5T.Teutonia.Default.csproj", "{1010D0AA-0B32-4AF9-AB3D-948A4C1AE1FF}"
EndProject
Project("{9A19103F-16F7-4668-BE54-9A1E7A4F7556}") = "R5T.Gepidia.Lombardy", "..\..\R5T.Gepidia.Lombardy\source\R5T.Gepidia.Lombardy\R5T.Gepidia.Lombardy.csproj", "{8C3711A9-4CD5-4B51-90E3-1E14BA500620}"
EndProject
Project("{9A19103F-16F7-4668-BE54-9A1E7A4F7556}") = "R5T.Teutonia.Base", "..\..\R5T.Teutonia.Base\source\R5T.Teutonia.Base\R5T.Teutonia.Base.csproj", "{B4449AB6-2BAA-4CAB-8E8D-8C5B2CD98F38}"
EndProject
Project("{9A19103F-16F7-4668-BE54-9A1E7A4F7556}") = "R5T.Ujung.Default", "..\..\R5T.Ujung.Default\source\R5T.Ujung.Default\R5T.Ujung.Default.csproj", "{3A7A0A1A-B917-420A-B3EE-6AEE53CB0DBB}"
EndProject
Project("{9A19103F-16F7-4668-BE54-9A1E7A4F7556}") = "R5T.Ujung.Palembang", "..\..\R5T.Ujung.Palembang\source\R5T.Ujung.Palembang\R5T.Ujung.Palembang.csproj", "{66B286DC-90CC-416A-B842-679ADDC7D18D}"
EndProject
Project("{9A19103F-16F7-4668-BE54-9A1E7A4F7556}") = "R5T.Capua.Default", "..\..\R5T.Capua\source\R5T.Capua.Default\R5T.Capua.Default.csproj", "{C30FFC79-DB09-4353-AA8A-882C63926E3B}"
EndProject
Project("{9A19103F-16F7-4668-BE54-9A1E7A4F7556}") = "R5T.Capua.Destination.Base", "..\..\R5T.Capua\source\R5T.Capua.Destination.Base\R5T.Capua.Destination.Base.csproj", "{BCA5974D-05CE-4DBC-BBD0-600594C448AD}"
EndProject
Project("{9A19103F-16F7-4668-BE54-9A1E7A4F7556}") = "R5T.Gepidia.Destination.Base", "..\..\R5T.Capua\source\R5T.Gepidia.Destination.Base\R5T.Gepidia.Destination.Base.csproj", "{EA138294-7384-4215-9BA5-8E1FC9FC3F6B}"
EndProject
Project("{9A19103F-16F7-4668-BE54-9A1E7A4F7556}") = "R5T.Gepidia.Source.Base", "..\..\R5T.Capua\source\R5T.Gepidia.Source.Base\R5T.Gepidia.Source.Base.csproj", "{8DD9B6C7-90F7-47FF-96CB-166EF16523BA}"
EndProject
Project("{9A19103F-16F7-4668-BE54-9A1E7A4F7556}") = "R5T.Capua.Destination.Default", "..\..\R5T.Capua\source\R5T.Capua.Destination.Default\R5T.Capua.Destination.Default.csproj", "{0B0359E4-7615-4F92-81C7-DBFF7E9A7C98}"
EndProject
Project("{9A19103F-16F7-4668-BE54-9A1E7A4F7556}") = "R5T.Capua.Teutonia", "..\..\R5T.Capua\source\R5T.Capua.Teutonia\R5T.Capua.Teutonia.csproj", "{26540412-BB7F-49C2-BD30-3EC553A9D94F}"
EndProject
Project("{9A19103F-16F7-4668-BE54-9A1E7A4F7556}") = "R5T.Capua.Base", "..\..\R5T.Capua\source\R5T.Capua.Base\R5T.Capua.Base.csproj", "{6C6EFEA9-30AB-4296-A325-7EBFC0B1BD64}"
EndProject
Project("{9A19103F-16F7-4668-BE54-9A1E7A4F7556}") = "R5T.Liverpool.Host", "..\..\R5T.Liverpool\source\R5T.Liverpool.Host\R5T.Liverpool.Host.csproj", "{2DFB84E9-4B35-4CBE-9D3C-54F567689426}"
EndProject
Project("{9A19103F-16F7-4668-BE54-9A1E7A4F7556}") = "R5T.Liverpool.Host.Types", "..\..\R5T.Liverpool\source\R5T.Liverpool.Host.Types\R5T.Liverpool.Host.Types.csproj", "{1068D076-44F0-4961-8D30-9922E6D9C689}"
EndProject
Project("{9A19103F-16F7-4668-BE54-9A1E7A4F7556}") = "R5T.Harstad", "..\..\R5T.Harstad\source\R5T.Harstad\R5T.Harstad.csproj", "{75129DCD-9016-4355-8594-14A8A4860B36}"
EndProject
Project("{9A19103F-16F7-4668-BE54-9A1E7A4F7556}") = "R5T.Liverpool.Types", "..\..\R5T.Liverpool\source\R5T.Liverpool.Types\R5T.Liverpool.Types.csproj", "{BD3B6A28-E9F8-4E7F-A092-60F0F41B19D6}"
EndProject
Project("{9A19103F-16F7-4668-BE54-9A1E7A4F7556}") = "R5T.Chamavia.Extensions", "..\..\R5T.Chamavia.Extensions\source\R5T.Chamavia.Extensions\R5T.Chamavia.Extensions.csproj", "{3B9B9211-4C16-4524-BC41-6BB19DF2AC9D}"
EndProject
Project("{9A19103F-16F7-4668-BE54-9A1E7A4F7556}") = "R5T.Chamavia", "..\..\R5T.Chamavia\source\R5T.Chamavia\R5T.Chamavia.csproj", "{662A73B9-2A39-433D-9ADB-B4AA3B5124E2}"
EndProject
Project("{9A19103F-16F7-4668-BE54-9A1E7A4F7556}") = "R5T.Liverpool.Abstractions", "..\..\R5T.Liverpool\source\R5T.Liverpool.Abstractions\R5T.Liverpool.Abstractions.csproj", "{6ACBD1C5-812D-49CE-92BF-01CC46330200}"
EndProject
Project("{9A19103F-16F7-4668-BE54-9A1E7A4F7556}") = "R5T.Liverpool.Startup", "..\..\R5T.Liverpool\source\R5T.Liverpool.Startup\R5T.Liverpool.Startup.csproj", "{A78C41D2-CEF1-4DBC-9AF1-B3A49DF5BE9B}"
EndProject
Project("{9A19103F-16F7-4668-BE54-9A1E7A4F7556}") = "R5T.Exeter", "..\..\R5T.Exeter\source\R5T.Exeter\R5T.Exeter.csproj", "{6F205FD6-09A0-407E-B510-6277E53A19B6}"
EndProject
Project("{9A19103F-16F7-4668-BE54-9A1E7A4F7556}") = "R5T.Langobard.Extensions", "..\..\R5T.Langobard.Extensions\source\R5T.Langobard.Extensions\R5T.Langobard.Extensions.csproj", "{B830BDF8-A035-45A4-BB2A-158E49684349}"
EndProject
Project("{9A19103F-16F7-4668-BE54-9A1E7A4F7556}") = "R5T.Langobard", "..\..\R5T.Langobard\source\R5T.Langobard\R5T.Langobard.csproj", "{E205804B-1A6F-4DD9-B971-B7899E73CC1A}"
EndProject
Project("{9A19103F-16F7-4668-BE54-9A1E7A4F7556}") = "R5T.Liverpool.Startup.Core", "..\..\R5T.Liverpool\source\R5T.Liverpool.Startup.Core\R5T.Liverpool.Startup.Core.csproj", "{DDB41DBC-D8EB-4D0B-8EC7-8D1C3D44615A}"
EndProject
Project("{9A19103F-16F7-4668-BE54-9A1E7A4F7556}") = "R5T.Richmond.Abstractions", "..\..\R5T.Richmond.Abstractions\source\R5T.Richmond.Abstractions\R5T.Richmond.Abstractions.csproj", "{5FA8C66E-5BC1-4445-AFCA-65EBDD1E7B93}"
EndProject
Project("{9A19103F-16F7-4668-BE54-9A1E7A4F7556}") = "R5T.Macommania.Default", "..\..\R5T.Macommania.Default\source\R5T.Macommania.Default\R5T.Macommania.Default.csproj", "{0F910CB1-504F-4C0C-9EE6-4242A348A69D}"
EndProject
Global
	GlobalSection(SolutionConfigurationPlatforms) = preSolution
		Debug|Any CPU = Debug|Any CPU
		Debug|x64 = Debug|x64
		Debug|x86 = Debug|x86
		Release|Any CPU = Release|Any CPU
		Release|x64 = Release|x64
		Release|x86 = Release|x86
	EndGlobalSection
	GlobalSection(ProjectConfigurationPlatforms) = postSolution
		{8ECA86A3-00AF-4AB6-BF08-439CBBA18B2A}.Debug|Any CPU.ActiveCfg = Debug|Any CPU
		{8ECA86A3-00AF-4AB6-BF08-439CBBA18B2A}.Debug|Any CPU.Build.0 = Debug|Any CPU
		{8ECA86A3-00AF-4AB6-BF08-439CBBA18B2A}.Debug|x64.ActiveCfg = Debug|Any CPU
		{8ECA86A3-00AF-4AB6-BF08-439CBBA18B2A}.Debug|x64.Build.0 = Debug|Any CPU
		{8ECA86A3-00AF-4AB6-BF08-439CBBA18B2A}.Debug|x86.ActiveCfg = Debug|Any CPU
		{8ECA86A3-00AF-4AB6-BF08-439CBBA18B2A}.Debug|x86.Build.0 = Debug|Any CPU
		{8ECA86A3-00AF-4AB6-BF08-439CBBA18B2A}.Release|Any CPU.ActiveCfg = Release|Any CPU
		{8ECA86A3-00AF-4AB6-BF08-439CBBA18B2A}.Release|Any CPU.Build.0 = Release|Any CPU
		{8ECA86A3-00AF-4AB6-BF08-439CBBA18B2A}.Release|x64.ActiveCfg = Release|Any CPU
		{8ECA86A3-00AF-4AB6-BF08-439CBBA18B2A}.Release|x64.Build.0 = Release|Any CPU
		{8ECA86A3-00AF-4AB6-BF08-439CBBA18B2A}.Release|x86.ActiveCfg = Release|Any CPU
		{8ECA86A3-00AF-4AB6-BF08-439CBBA18B2A}.Release|x86.Build.0 = Release|Any CPU
		{99625B81-AD1F-468C-B6C1-934B827C1266}.Debug|Any CPU.ActiveCfg = Debug|Any CPU
		{99625B81-AD1F-468C-B6C1-934B827C1266}.Debug|Any CPU.Build.0 = Debug|Any CPU
		{99625B81-AD1F-468C-B6C1-934B827C1266}.Debug|x64.ActiveCfg = Debug|Any CPU
		{99625B81-AD1F-468C-B6C1-934B827C1266}.Debug|x64.Build.0 = Debug|Any CPU
		{99625B81-AD1F-468C-B6C1-934B827C1266}.Debug|x86.ActiveCfg = Debug|Any CPU
		{99625B81-AD1F-468C-B6C1-934B827C1266}.Debug|x86.Build.0 = Debug|Any CPU
		{99625B81-AD1F-468C-B6C1-934B827C1266}.Release|Any CPU.ActiveCfg = Release|Any CPU
		{99625B81-AD1F-468C-B6C1-934B827C1266}.Release|Any CPU.Build.0 = Release|Any CPU
		{99625B81-AD1F-468C-B6C1-934B827C1266}.Release|x64.ActiveCfg = Release|Any CPU
		{99625B81-AD1F-468C-B6C1-934B827C1266}.Release|x64.Build.0 = Release|Any CPU
		{99625B81-AD1F-468C-B6C1-934B827C1266}.Release|x86.ActiveCfg = Release|Any CPU
		{99625B81-AD1F-468C-B6C1-934B827C1266}.Release|x86.Build.0 = Release|Any CPU
		{2A26A2A0-3C8C-4635-8EE0-285116CB77DB}.Debug|Any CPU.ActiveCfg = Debug|Any CPU
		{2A26A2A0-3C8C-4635-8EE0-285116CB77DB}.Debug|Any CPU.Build.0 = Debug|Any CPU
		{2A26A2A0-3C8C-4635-8EE0-285116CB77DB}.Debug|x64.ActiveCfg = Debug|Any CPU
		{2A26A2A0-3C8C-4635-8EE0-285116CB77DB}.Debug|x64.Build.0 = Debug|Any CPU
		{2A26A2A0-3C8C-4635-8EE0-285116CB77DB}.Debug|x86.ActiveCfg = Debug|Any CPU
		{2A26A2A0-3C8C-4635-8EE0-285116CB77DB}.Debug|x86.Build.0 = Debug|Any CPU
		{2A26A2A0-3C8C-4635-8EE0-285116CB77DB}.Release|Any CPU.ActiveCfg = Release|Any CPU
		{2A26A2A0-3C8C-4635-8EE0-285116CB77DB}.Release|Any CPU.Build.0 = Release|Any CPU
		{2A26A2A0-3C8C-4635-8EE0-285116CB77DB}.Release|x64.ActiveCfg = Release|Any CPU
		{2A26A2A0-3C8C-4635-8EE0-285116CB77DB}.Release|x64.Build.0 = Release|Any CPU
		{2A26A2A0-3C8C-4635-8EE0-285116CB77DB}.Release|x86.ActiveCfg = Release|Any CPU
		{2A26A2A0-3C8C-4635-8EE0-285116CB77DB}.Release|x86.Build.0 = Release|Any CPU
		{AFC3BAB5-D898-4ED0-964B-39FCBF6AB813}.Debug|Any CPU.ActiveCfg = Debug|Any CPU
		{AFC3BAB5-D898-4ED0-964B-39FCBF6AB813}.Debug|Any CPU.Build.0 = Debug|Any CPU
		{AFC3BAB5-D898-4ED0-964B-39FCBF6AB813}.Debug|x64.ActiveCfg = Debug|Any CPU
		{AFC3BAB5-D898-4ED0-964B-39FCBF6AB813}.Debug|x64.Build.0 = Debug|Any CPU
		{AFC3BAB5-D898-4ED0-964B-39FCBF6AB813}.Debug|x86.ActiveCfg = Debug|Any CPU
		{AFC3BAB5-D898-4ED0-964B-39FCBF6AB813}.Debug|x86.Build.0 = Debug|Any CPU
		{AFC3BAB5-D898-4ED0-964B-39FCBF6AB813}.Release|Any CPU.ActiveCfg = Release|Any CPU
		{AFC3BAB5-D898-4ED0-964B-39FCBF6AB813}.Release|Any CPU.Build.0 = Release|Any CPU
		{AFC3BAB5-D898-4ED0-964B-39FCBF6AB813}.Release|x64.ActiveCfg = Release|Any CPU
		{AFC3BAB5-D898-4ED0-964B-39FCBF6AB813}.Release|x64.Build.0 = Release|Any CPU
		{AFC3BAB5-D898-4ED0-964B-39FCBF6AB813}.Release|x86.ActiveCfg = Release|Any CPU
		{AFC3BAB5-D898-4ED0-964B-39FCBF6AB813}.Release|x86.Build.0 = Release|Any CPU
		{885C8355-B8F8-43BF-BD12-8989CC62C717}.Debug|Any CPU.ActiveCfg = Debug|Any CPU
		{885C8355-B8F8-43BF-BD12-8989CC62C717}.Debug|Any CPU.Build.0 = Debug|Any CPU
		{885C8355-B8F8-43BF-BD12-8989CC62C717}.Debug|x64.ActiveCfg = Debug|Any CPU
		{885C8355-B8F8-43BF-BD12-8989CC62C717}.Debug|x64.Build.0 = Debug|Any CPU
		{885C8355-B8F8-43BF-BD12-8989CC62C717}.Debug|x86.ActiveCfg = Debug|Any CPU
		{885C8355-B8F8-43BF-BD12-8989CC62C717}.Debug|x86.Build.0 = Debug|Any CPU
		{885C8355-B8F8-43BF-BD12-8989CC62C717}.Release|Any CPU.ActiveCfg = Release|Any CPU
		{885C8355-B8F8-43BF-BD12-8989CC62C717}.Release|Any CPU.Build.0 = Release|Any CPU
		{885C8355-B8F8-43BF-BD12-8989CC62C717}.Release|x64.ActiveCfg = Release|Any CPU
		{885C8355-B8F8-43BF-BD12-8989CC62C717}.Release|x64.Build.0 = Release|Any CPU
		{885C8355-B8F8-43BF-BD12-8989CC62C717}.Release|x86.ActiveCfg = Release|Any CPU
		{885C8355-B8F8-43BF-BD12-8989CC62C717}.Release|x86.Build.0 = Release|Any CPU
		{A27848DE-DEA9-4056-B1AA-79AAFFF879A7}.Debug|Any CPU.ActiveCfg = Debug|Any CPU
		{A27848DE-DEA9-4056-B1AA-79AAFFF879A7}.Debug|Any CPU.Build.0 = Debug|Any CPU
		{A27848DE-DEA9-4056-B1AA-79AAFFF879A7}.Debug|x64.ActiveCfg = Debug|Any CPU
		{A27848DE-DEA9-4056-B1AA-79AAFFF879A7}.Debug|x64.Build.0 = Debug|Any CPU
		{A27848DE-DEA9-4056-B1AA-79AAFFF879A7}.Debug|x86.ActiveCfg = Debug|Any CPU
		{A27848DE-DEA9-4056-B1AA-79AAFFF879A7}.Debug|x86.Build.0 = Debug|Any CPU
		{A27848DE-DEA9-4056-B1AA-79AAFFF879A7}.Release|Any CPU.ActiveCfg = Release|Any CPU
		{A27848DE-DEA9-4056-B1AA-79AAFFF879A7}.Release|Any CPU.Build.0 = Release|Any CPU
		{A27848DE-DEA9-4056-B1AA-79AAFFF879A7}.Release|x64.ActiveCfg = Release|Any CPU
		{A27848DE-DEA9-4056-B1AA-79AAFFF879A7}.Release|x64.Build.0 = Release|Any CPU
		{A27848DE-DEA9-4056-B1AA-79AAFFF879A7}.Release|x86.ActiveCfg = Release|Any CPU
		{A27848DE-DEA9-4056-B1AA-79AAFFF879A7}.Release|x86.Build.0 = Release|Any CPU
		{88A04799-E71E-4076-AD53-EA65A93787CF}.Debug|Any CPU.ActiveCfg = Debug|Any CPU
		{88A04799-E71E-4076-AD53-EA65A93787CF}.Debug|Any CPU.Build.0 = Debug|Any CPU
		{88A04799-E71E-4076-AD53-EA65A93787CF}.Debug|x64.ActiveCfg = Debug|Any CPU
		{88A04799-E71E-4076-AD53-EA65A93787CF}.Debug|x64.Build.0 = Debug|Any CPU
		{88A04799-E71E-4076-AD53-EA65A93787CF}.Debug|x86.ActiveCfg = Debug|Any CPU
		{88A04799-E71E-4076-AD53-EA65A93787CF}.Debug|x86.Build.0 = Debug|Any CPU
		{88A04799-E71E-4076-AD53-EA65A93787CF}.Release|Any CPU.ActiveCfg = Release|Any CPU
		{88A04799-E71E-4076-AD53-EA65A93787CF}.Release|Any CPU.Build.0 = Release|Any CPU
		{88A04799-E71E-4076-AD53-EA65A93787CF}.Release|x64.ActiveCfg = Release|Any CPU
		{88A04799-E71E-4076-AD53-EA65A93787CF}.Release|x64.Build.0 = Release|Any CPU
		{88A04799-E71E-4076-AD53-EA65A93787CF}.Release|x86.ActiveCfg = Release|Any CPU
		{88A04799-E71E-4076-AD53-EA65A93787CF}.Release|x86.Build.0 = Release|Any CPU
		{55DA692A-1327-4381-94EE-473F9DFF03D9}.Debug|Any CPU.ActiveCfg = Debug|Any CPU
		{55DA692A-1327-4381-94EE-473F9DFF03D9}.Debug|Any CPU.Build.0 = Debug|Any CPU
		{55DA692A-1327-4381-94EE-473F9DFF03D9}.Debug|x64.ActiveCfg = Debug|Any CPU
		{55DA692A-1327-4381-94EE-473F9DFF03D9}.Debug|x64.Build.0 = Debug|Any CPU
		{55DA692A-1327-4381-94EE-473F9DFF03D9}.Debug|x86.ActiveCfg = Debug|Any CPU
		{55DA692A-1327-4381-94EE-473F9DFF03D9}.Debug|x86.Build.0 = Debug|Any CPU
		{55DA692A-1327-4381-94EE-473F9DFF03D9}.Release|Any CPU.ActiveCfg = Release|Any CPU
		{55DA692A-1327-4381-94EE-473F9DFF03D9}.Release|Any CPU.Build.0 = Release|Any CPU
		{55DA692A-1327-4381-94EE-473F9DFF03D9}.Release|x64.ActiveCfg = Release|Any CPU
		{55DA692A-1327-4381-94EE-473F9DFF03D9}.Release|x64.Build.0 = Release|Any CPU
		{55DA692A-1327-4381-94EE-473F9DFF03D9}.Release|x86.ActiveCfg = Release|Any CPU
		{55DA692A-1327-4381-94EE-473F9DFF03D9}.Release|x86.Build.0 = Release|Any CPU
		{C758C51B-26F8-46B8-B188-AB2E6DE8D374}.Debug|Any CPU.ActiveCfg = Debug|Any CPU
		{C758C51B-26F8-46B8-B188-AB2E6DE8D374}.Debug|Any CPU.Build.0 = Debug|Any CPU
		{C758C51B-26F8-46B8-B188-AB2E6DE8D374}.Debug|x64.ActiveCfg = Debug|Any CPU
		{C758C51B-26F8-46B8-B188-AB2E6DE8D374}.Debug|x64.Build.0 = Debug|Any CPU
		{C758C51B-26F8-46B8-B188-AB2E6DE8D374}.Debug|x86.ActiveCfg = Debug|Any CPU
		{C758C51B-26F8-46B8-B188-AB2E6DE8D374}.Debug|x86.Build.0 = Debug|Any CPU
		{C758C51B-26F8-46B8-B188-AB2E6DE8D374}.Release|Any CPU.ActiveCfg = Release|Any CPU
		{C758C51B-26F8-46B8-B188-AB2E6DE8D374}.Release|Any CPU.Build.0 = Release|Any CPU
		{C758C51B-26F8-46B8-B188-AB2E6DE8D374}.Release|x64.ActiveCfg = Release|Any CPU
		{C758C51B-26F8-46B8-B188-AB2E6DE8D374}.Release|x64.Build.0 = Release|Any CPU
		{C758C51B-26F8-46B8-B188-AB2E6DE8D374}.Release|x86.ActiveCfg = Release|Any CPU
		{C758C51B-26F8-46B8-B188-AB2E6DE8D374}.Release|x86.Build.0 = Release|Any CPU
		{73AA6A9E-D603-4E5A-9284-F84F073D9486}.Debug|Any CPU.ActiveCfg = Debug|Any CPU
		{73AA6A9E-D603-4E5A-9284-F84F073D9486}.Debug|Any CPU.Build.0 = Debug|Any CPU
		{73AA6A9E-D603-4E5A-9284-F84F073D9486}.Debug|x64.ActiveCfg = Debug|Any CPU
		{73AA6A9E-D603-4E5A-9284-F84F073D9486}.Debug|x64.Build.0 = Debug|Any CPU
		{73AA6A9E-D603-4E5A-9284-F84F073D9486}.Debug|x86.ActiveCfg = Debug|Any CPU
		{73AA6A9E-D603-4E5A-9284-F84F073D9486}.Debug|x86.Build.0 = Debug|Any CPU
		{73AA6A9E-D603-4E5A-9284-F84F073D9486}.Release|Any CPU.ActiveCfg = Release|Any CPU
		{73AA6A9E-D603-4E5A-9284-F84F073D9486}.Release|Any CPU.Build.0 = Release|Any CPU
		{73AA6A9E-D603-4E5A-9284-F84F073D9486}.Release|x64.ActiveCfg = Release|Any CPU
		{73AA6A9E-D603-4E5A-9284-F84F073D9486}.Release|x64.Build.0 = Release|Any CPU
		{73AA6A9E-D603-4E5A-9284-F84F073D9486}.Release|x86.ActiveCfg = Release|Any CPU
		{73AA6A9E-D603-4E5A-9284-F84F073D9486}.Release|x86.Build.0 = Release|Any CPU
		{8A1D9CB2-BEC7-40D3-A402-2365676236FF}.Debug|Any CPU.ActiveCfg = Debug|Any CPU
		{8A1D9CB2-BEC7-40D3-A402-2365676236FF}.Debug|Any CPU.Build.0 = Debug|Any CPU
		{8A1D9CB2-BEC7-40D3-A402-2365676236FF}.Debug|x64.ActiveCfg = Debug|Any CPU
		{8A1D9CB2-BEC7-40D3-A402-2365676236FF}.Debug|x64.Build.0 = Debug|Any CPU
		{8A1D9CB2-BEC7-40D3-A402-2365676236FF}.Debug|x86.ActiveCfg = Debug|Any CPU
		{8A1D9CB2-BEC7-40D3-A402-2365676236FF}.Debug|x86.Build.0 = Debug|Any CPU
		{8A1D9CB2-BEC7-40D3-A402-2365676236FF}.Release|Any CPU.ActiveCfg = Release|Any CPU
		{8A1D9CB2-BEC7-40D3-A402-2365676236FF}.Release|Any CPU.Build.0 = Release|Any CPU
		{8A1D9CB2-BEC7-40D3-A402-2365676236FF}.Release|x64.ActiveCfg = Release|Any CPU
		{8A1D9CB2-BEC7-40D3-A402-2365676236FF}.Release|x64.Build.0 = Release|Any CPU
		{8A1D9CB2-BEC7-40D3-A402-2365676236FF}.Release|x86.ActiveCfg = Release|Any CPU
		{8A1D9CB2-BEC7-40D3-A402-2365676236FF}.Release|x86.Build.0 = Release|Any CPU
		{EE6D5598-9034-48D4-99E3-0FE8B5203796}.Debug|Any CPU.ActiveCfg = Debug|Any CPU
		{EE6D5598-9034-48D4-99E3-0FE8B5203796}.Debug|Any CPU.Build.0 = Debug|Any CPU
		{EE6D5598-9034-48D4-99E3-0FE8B5203796}.Debug|x64.ActiveCfg = Debug|Any CPU
		{EE6D5598-9034-48D4-99E3-0FE8B5203796}.Debug|x64.Build.0 = Debug|Any CPU
		{EE6D5598-9034-48D4-99E3-0FE8B5203796}.Debug|x86.ActiveCfg = Debug|Any CPU
		{EE6D5598-9034-48D4-99E3-0FE8B5203796}.Debug|x86.Build.0 = Debug|Any CPU
		{EE6D5598-9034-48D4-99E3-0FE8B5203796}.Release|Any CPU.ActiveCfg = Release|Any CPU
		{EE6D5598-9034-48D4-99E3-0FE8B5203796}.Release|Any CPU.Build.0 = Release|Any CPU
		{EE6D5598-9034-48D4-99E3-0FE8B5203796}.Release|x64.ActiveCfg = Release|Any CPU
		{EE6D5598-9034-48D4-99E3-0FE8B5203796}.Release|x64.Build.0 = Release|Any CPU
		{EE6D5598-9034-48D4-99E3-0FE8B5203796}.Release|x86.ActiveCfg = Release|Any CPU
		{EE6D5598-9034-48D4-99E3-0FE8B5203796}.Release|x86.Build.0 = Release|Any CPU
		{CC86D5CE-AEDC-46DA-A5BB-EECF0962B45B}.Debug|Any CPU.ActiveCfg = Debug|Any CPU
		{CC86D5CE-AEDC-46DA-A5BB-EECF0962B45B}.Debug|Any CPU.Build.0 = Debug|Any CPU
		{CC86D5CE-AEDC-46DA-A5BB-EECF0962B45B}.Debug|x64.ActiveCfg = Debug|Any CPU
		{CC86D5CE-AEDC-46DA-A5BB-EECF0962B45B}.Debug|x64.Build.0 = Debug|Any CPU
		{CC86D5CE-AEDC-46DA-A5BB-EECF0962B45B}.Debug|x86.ActiveCfg = Debug|Any CPU
		{CC86D5CE-AEDC-46DA-A5BB-EECF0962B45B}.Debug|x86.Build.0 = Debug|Any CPU
		{CC86D5CE-AEDC-46DA-A5BB-EECF0962B45B}.Release|Any CPU.ActiveCfg = Release|Any CPU
		{CC86D5CE-AEDC-46DA-A5BB-EECF0962B45B}.Release|Any CPU.Build.0 = Release|Any CPU
		{CC86D5CE-AEDC-46DA-A5BB-EECF0962B45B}.Release|x64.ActiveCfg = Release|Any CPU
		{CC86D5CE-AEDC-46DA-A5BB-EECF0962B45B}.Release|x64.Build.0 = Release|Any CPU
		{CC86D5CE-AEDC-46DA-A5BB-EECF0962B45B}.Release|x86.ActiveCfg = Release|Any CPU
		{CC86D5CE-AEDC-46DA-A5BB-EECF0962B45B}.Release|x86.Build.0 = Release|Any CPU
		{9412C625-5ACB-4567-8A6D-A1C91F96F687}.Debug|Any CPU.ActiveCfg = Debug|Any CPU
		{9412C625-5ACB-4567-8A6D-A1C91F96F687}.Debug|Any CPU.Build.0 = Debug|Any CPU
		{9412C625-5ACB-4567-8A6D-A1C91F96F687}.Debug|x64.ActiveCfg = Debug|Any CPU
		{9412C625-5ACB-4567-8A6D-A1C91F96F687}.Debug|x64.Build.0 = Debug|Any CPU
		{9412C625-5ACB-4567-8A6D-A1C91F96F687}.Debug|x86.ActiveCfg = Debug|Any CPU
		{9412C625-5ACB-4567-8A6D-A1C91F96F687}.Debug|x86.Build.0 = Debug|Any CPU
		{9412C625-5ACB-4567-8A6D-A1C91F96F687}.Release|Any CPU.ActiveCfg = Release|Any CPU
		{9412C625-5ACB-4567-8A6D-A1C91F96F687}.Release|Any CPU.Build.0 = Release|Any CPU
		{9412C625-5ACB-4567-8A6D-A1C91F96F687}.Release|x64.ActiveCfg = Release|Any CPU
		{9412C625-5ACB-4567-8A6D-A1C91F96F687}.Release|x64.Build.0 = Release|Any CPU
		{9412C625-5ACB-4567-8A6D-A1C91F96F687}.Release|x86.ActiveCfg = Release|Any CPU
		{9412C625-5ACB-4567-8A6D-A1C91F96F687}.Release|x86.Build.0 = Release|Any CPU
		{07DD1B6F-9BF6-4EF5-93FB-FAD2AF13794F}.Debug|Any CPU.ActiveCfg = Debug|Any CPU
		{07DD1B6F-9BF6-4EF5-93FB-FAD2AF13794F}.Debug|Any CPU.Build.0 = Debug|Any CPU
		{07DD1B6F-9BF6-4EF5-93FB-FAD2AF13794F}.Debug|x64.ActiveCfg = Debug|Any CPU
		{07DD1B6F-9BF6-4EF5-93FB-FAD2AF13794F}.Debug|x64.Build.0 = Debug|Any CPU
		{07DD1B6F-9BF6-4EF5-93FB-FAD2AF13794F}.Debug|x86.ActiveCfg = Debug|Any CPU
		{07DD1B6F-9BF6-4EF5-93FB-FAD2AF13794F}.Debug|x86.Build.0 = Debug|Any CPU
		{07DD1B6F-9BF6-4EF5-93FB-FAD2AF13794F}.Release|Any CPU.ActiveCfg = Release|Any CPU
		{07DD1B6F-9BF6-4EF5-93FB-FAD2AF13794F}.Release|Any CPU.Build.0 = Release|Any CPU
		{07DD1B6F-9BF6-4EF5-93FB-FAD2AF13794F}.Release|x64.ActiveCfg = Release|Any CPU
		{07DD1B6F-9BF6-4EF5-93FB-FAD2AF13794F}.Release|x64.Build.0 = Release|Any CPU
		{07DD1B6F-9BF6-4EF5-93FB-FAD2AF13794F}.Release|x86.ActiveCfg = Release|Any CPU
		{07DD1B6F-9BF6-4EF5-93FB-FAD2AF13794F}.Release|x86.Build.0 = Release|Any CPU
		{72FF1D39-5813-4468-8B58-B7EE720CDD45}.Debug|Any CPU.ActiveCfg = Debug|Any CPU
		{72FF1D39-5813-4468-8B58-B7EE720CDD45}.Debug|Any CPU.Build.0 = Debug|Any CPU
		{72FF1D39-5813-4468-8B58-B7EE720CDD45}.Debug|x64.ActiveCfg = Debug|Any CPU
		{72FF1D39-5813-4468-8B58-B7EE720CDD45}.Debug|x64.Build.0 = Debug|Any CPU
		{72FF1D39-5813-4468-8B58-B7EE720CDD45}.Debug|x86.ActiveCfg = Debug|Any CPU
		{72FF1D39-5813-4468-8B58-B7EE720CDD45}.Debug|x86.Build.0 = Debug|Any CPU
		{72FF1D39-5813-4468-8B58-B7EE720CDD45}.Release|Any CPU.ActiveCfg = Release|Any CPU
		{72FF1D39-5813-4468-8B58-B7EE720CDD45}.Release|Any CPU.Build.0 = Release|Any CPU
		{72FF1D39-5813-4468-8B58-B7EE720CDD45}.Release|x64.ActiveCfg = Release|Any CPU
		{72FF1D39-5813-4468-8B58-B7EE720CDD45}.Release|x64.Build.0 = Release|Any CPU
		{72FF1D39-5813-4468-8B58-B7EE720CDD45}.Release|x86.ActiveCfg = Release|Any CPU
		{72FF1D39-5813-4468-8B58-B7EE720CDD45}.Release|x86.Build.0 = Release|Any CPU
		{7D9ABC05-73DA-4914-9734-7B2DB4C94936}.Debug|Any CPU.ActiveCfg = Debug|Any CPU
		{7D9ABC05-73DA-4914-9734-7B2DB4C94936}.Debug|Any CPU.Build.0 = Debug|Any CPU
		{7D9ABC05-73DA-4914-9734-7B2DB4C94936}.Debug|x64.ActiveCfg = Debug|Any CPU
		{7D9ABC05-73DA-4914-9734-7B2DB4C94936}.Debug|x64.Build.0 = Debug|Any CPU
		{7D9ABC05-73DA-4914-9734-7B2DB4C94936}.Debug|x86.ActiveCfg = Debug|Any CPU
		{7D9ABC05-73DA-4914-9734-7B2DB4C94936}.Debug|x86.Build.0 = Debug|Any CPU
		{7D9ABC05-73DA-4914-9734-7B2DB4C94936}.Release|Any CPU.ActiveCfg = Release|Any CPU
		{7D9ABC05-73DA-4914-9734-7B2DB4C94936}.Release|Any CPU.Build.0 = Release|Any CPU
		{7D9ABC05-73DA-4914-9734-7B2DB4C94936}.Release|x64.ActiveCfg = Release|Any CPU
		{7D9ABC05-73DA-4914-9734-7B2DB4C94936}.Release|x64.Build.0 = Release|Any CPU
		{7D9ABC05-73DA-4914-9734-7B2DB4C94936}.Release|x86.ActiveCfg = Release|Any CPU
		{7D9ABC05-73DA-4914-9734-7B2DB4C94936}.Release|x86.Build.0 = Release|Any CPU
		{ED2D2B3B-6B54-451F-BD01-E36AEF70F4D3}.Debug|Any CPU.ActiveCfg = Debug|Any CPU
		{ED2D2B3B-6B54-451F-BD01-E36AEF70F4D3}.Debug|Any CPU.Build.0 = Debug|Any CPU
		{ED2D2B3B-6B54-451F-BD01-E36AEF70F4D3}.Debug|x64.ActiveCfg = Debug|Any CPU
		{ED2D2B3B-6B54-451F-BD01-E36AEF70F4D3}.Debug|x64.Build.0 = Debug|Any CPU
		{ED2D2B3B-6B54-451F-BD01-E36AEF70F4D3}.Debug|x86.ActiveCfg = Debug|Any CPU
		{ED2D2B3B-6B54-451F-BD01-E36AEF70F4D3}.Debug|x86.Build.0 = Debug|Any CPU
		{ED2D2B3B-6B54-451F-BD01-E36AEF70F4D3}.Release|Any CPU.ActiveCfg = Release|Any CPU
		{ED2D2B3B-6B54-451F-BD01-E36AEF70F4D3}.Release|Any CPU.Build.0 = Release|Any CPU
		{ED2D2B3B-6B54-451F-BD01-E36AEF70F4D3}.Release|x64.ActiveCfg = Release|Any CPU
		{ED2D2B3B-6B54-451F-BD01-E36AEF70F4D3}.Release|x64.Build.0 = Release|Any CPU
		{ED2D2B3B-6B54-451F-BD01-E36AEF70F4D3}.Release|x86.ActiveCfg = Release|Any CPU
		{ED2D2B3B-6B54-451F-BD01-E36AEF70F4D3}.Release|x86.Build.0 = Release|Any CPU
		{359BBFD5-780E-412B-9071-37E37E913D82}.Debug|Any CPU.ActiveCfg = Debug|Any CPU
		{359BBFD5-780E-412B-9071-37E37E913D82}.Debug|Any CPU.Build.0 = Debug|Any CPU
		{359BBFD5-780E-412B-9071-37E37E913D82}.Debug|x64.ActiveCfg = Debug|Any CPU
		{359BBFD5-780E-412B-9071-37E37E913D82}.Debug|x64.Build.0 = Debug|Any CPU
		{359BBFD5-780E-412B-9071-37E37E913D82}.Debug|x86.ActiveCfg = Debug|Any CPU
		{359BBFD5-780E-412B-9071-37E37E913D82}.Debug|x86.Build.0 = Debug|Any CPU
		{359BBFD5-780E-412B-9071-37E37E913D82}.Release|Any CPU.ActiveCfg = Release|Any CPU
		{359BBFD5-780E-412B-9071-37E37E913D82}.Release|Any CPU.Build.0 = Release|Any CPU
		{359BBFD5-780E-412B-9071-37E37E913D82}.Release|x64.ActiveCfg = Release|Any CPU
		{359BBFD5-780E-412B-9071-37E37E913D82}.Release|x64.Build.0 = Release|Any CPU
		{359BBFD5-780E-412B-9071-37E37E913D82}.Release|x86.ActiveCfg = Release|Any CPU
		{359BBFD5-780E-412B-9071-37E37E913D82}.Release|x86.Build.0 = Release|Any CPU
		{0AB030AF-AB00-4932-B34F-50B96EB91896}.Debug|Any CPU.ActiveCfg = Debug|Any CPU
		{0AB030AF-AB00-4932-B34F-50B96EB91896}.Debug|Any CPU.Build.0 = Debug|Any CPU
		{0AB030AF-AB00-4932-B34F-50B96EB91896}.Debug|x64.ActiveCfg = Debug|Any CPU
		{0AB030AF-AB00-4932-B34F-50B96EB91896}.Debug|x64.Build.0 = Debug|Any CPU
		{0AB030AF-AB00-4932-B34F-50B96EB91896}.Debug|x86.ActiveCfg = Debug|Any CPU
		{0AB030AF-AB00-4932-B34F-50B96EB91896}.Debug|x86.Build.0 = Debug|Any CPU
		{0AB030AF-AB00-4932-B34F-50B96EB91896}.Release|Any CPU.ActiveCfg = Release|Any CPU
		{0AB030AF-AB00-4932-B34F-50B96EB91896}.Release|Any CPU.Build.0 = Release|Any CPU
		{0AB030AF-AB00-4932-B34F-50B96EB91896}.Release|x64.ActiveCfg = Release|Any CPU
		{0AB030AF-AB00-4932-B34F-50B96EB91896}.Release|x64.Build.0 = Release|Any CPU
		{0AB030AF-AB00-4932-B34F-50B96EB91896}.Release|x86.ActiveCfg = Release|Any CPU
		{0AB030AF-AB00-4932-B34F-50B96EB91896}.Release|x86.Build.0 = Release|Any CPU
		{6F4CE617-A7F8-4ED8-A721-58C72B2CF068}.Debug|Any CPU.ActiveCfg = Debug|Any CPU
		{6F4CE617-A7F8-4ED8-A721-58C72B2CF068}.Debug|Any CPU.Build.0 = Debug|Any CPU
		{6F4CE617-A7F8-4ED8-A721-58C72B2CF068}.Debug|x64.ActiveCfg = Debug|Any CPU
		{6F4CE617-A7F8-4ED8-A721-58C72B2CF068}.Debug|x64.Build.0 = Debug|Any CPU
		{6F4CE617-A7F8-4ED8-A721-58C72B2CF068}.Debug|x86.ActiveCfg = Debug|Any CPU
		{6F4CE617-A7F8-4ED8-A721-58C72B2CF068}.Debug|x86.Build.0 = Debug|Any CPU
		{6F4CE617-A7F8-4ED8-A721-58C72B2CF068}.Release|Any CPU.ActiveCfg = Release|Any CPU
		{6F4CE617-A7F8-4ED8-A721-58C72B2CF068}.Release|Any CPU.Build.0 = Release|Any CPU
		{6F4CE617-A7F8-4ED8-A721-58C72B2CF068}.Release|x64.ActiveCfg = Release|Any CPU
		{6F4CE617-A7F8-4ED8-A721-58C72B2CF068}.Release|x64.Build.0 = Release|Any CPU
		{6F4CE617-A7F8-4ED8-A721-58C72B2CF068}.Release|x86.ActiveCfg = Release|Any CPU
		{6F4CE617-A7F8-4ED8-A721-58C72B2CF068}.Release|x86.Build.0 = Release|Any CPU
		{EE715AB8-79CC-4200-A739-162B08A88DB9}.Debug|Any CPU.ActiveCfg = Debug|Any CPU
		{EE715AB8-79CC-4200-A739-162B08A88DB9}.Debug|Any CPU.Build.0 = Debug|Any CPU
		{EE715AB8-79CC-4200-A739-162B08A88DB9}.Debug|x64.ActiveCfg = Debug|Any CPU
		{EE715AB8-79CC-4200-A739-162B08A88DB9}.Debug|x64.Build.0 = Debug|Any CPU
		{EE715AB8-79CC-4200-A739-162B08A88DB9}.Debug|x86.ActiveCfg = Debug|Any CPU
		{EE715AB8-79CC-4200-A739-162B08A88DB9}.Debug|x86.Build.0 = Debug|Any CPU
		{EE715AB8-79CC-4200-A739-162B08A88DB9}.Release|Any CPU.ActiveCfg = Release|Any CPU
		{EE715AB8-79CC-4200-A739-162B08A88DB9}.Release|Any CPU.Build.0 = Release|Any CPU
		{EE715AB8-79CC-4200-A739-162B08A88DB9}.Release|x64.ActiveCfg = Release|Any CPU
		{EE715AB8-79CC-4200-A739-162B08A88DB9}.Release|x64.Build.0 = Release|Any CPU
		{EE715AB8-79CC-4200-A739-162B08A88DB9}.Release|x86.ActiveCfg = Release|Any CPU
		{EE715AB8-79CC-4200-A739-162B08A88DB9}.Release|x86.Build.0 = Release|Any CPU
		{8B9C01AE-D394-49FF-A2B9-B391D6A1B84D}.Debug|Any CPU.ActiveCfg = Debug|Any CPU
		{8B9C01AE-D394-49FF-A2B9-B391D6A1B84D}.Debug|Any CPU.Build.0 = Debug|Any CPU
		{8B9C01AE-D394-49FF-A2B9-B391D6A1B84D}.Debug|x64.ActiveCfg = Debug|Any CPU
		{8B9C01AE-D394-49FF-A2B9-B391D6A1B84D}.Debug|x64.Build.0 = Debug|Any CPU
		{8B9C01AE-D394-49FF-A2B9-B391D6A1B84D}.Debug|x86.ActiveCfg = Debug|Any CPU
		{8B9C01AE-D394-49FF-A2B9-B391D6A1B84D}.Debug|x86.Build.0 = Debug|Any CPU
		{8B9C01AE-D394-49FF-A2B9-B391D6A1B84D}.Release|Any CPU.ActiveCfg = Release|Any CPU
		{8B9C01AE-D394-49FF-A2B9-B391D6A1B84D}.Release|Any CPU.Build.0 = Release|Any CPU
		{8B9C01AE-D394-49FF-A2B9-B391D6A1B84D}.Release|x64.ActiveCfg = Release|Any CPU
		{8B9C01AE-D394-49FF-A2B9-B391D6A1B84D}.Release|x64.Build.0 = Release|Any CPU
		{8B9C01AE-D394-49FF-A2B9-B391D6A1B84D}.Release|x86.ActiveCfg = Release|Any CPU
		{8B9C01AE-D394-49FF-A2B9-B391D6A1B84D}.Release|x86.Build.0 = Release|Any CPU
		{468B1A32-D541-4C65-A7C1-F42481FA6DF0}.Debug|Any CPU.ActiveCfg = Debug|Any CPU
		{468B1A32-D541-4C65-A7C1-F42481FA6DF0}.Debug|Any CPU.Build.0 = Debug|Any CPU
		{468B1A32-D541-4C65-A7C1-F42481FA6DF0}.Debug|x64.ActiveCfg = Debug|Any CPU
		{468B1A32-D541-4C65-A7C1-F42481FA6DF0}.Debug|x64.Build.0 = Debug|Any CPU
		{468B1A32-D541-4C65-A7C1-F42481FA6DF0}.Debug|x86.ActiveCfg = Debug|Any CPU
		{468B1A32-D541-4C65-A7C1-F42481FA6DF0}.Debug|x86.Build.0 = Debug|Any CPU
		{468B1A32-D541-4C65-A7C1-F42481FA6DF0}.Release|Any CPU.ActiveCfg = Release|Any CPU
		{468B1A32-D541-4C65-A7C1-F42481FA6DF0}.Release|Any CPU.Build.0 = Release|Any CPU
		{468B1A32-D541-4C65-A7C1-F42481FA6DF0}.Release|x64.ActiveCfg = Release|Any CPU
		{468B1A32-D541-4C65-A7C1-F42481FA6DF0}.Release|x64.Build.0 = Release|Any CPU
		{468B1A32-D541-4C65-A7C1-F42481FA6DF0}.Release|x86.ActiveCfg = Release|Any CPU
		{468B1A32-D541-4C65-A7C1-F42481FA6DF0}.Release|x86.Build.0 = Release|Any CPU
		{B78E73F3-C0F2-4DFB-9FE6-9996114A75A3}.Debug|Any CPU.ActiveCfg = Debug|Any CPU
		{B78E73F3-C0F2-4DFB-9FE6-9996114A75A3}.Debug|Any CPU.Build.0 = Debug|Any CPU
		{B78E73F3-C0F2-4DFB-9FE6-9996114A75A3}.Debug|x64.ActiveCfg = Debug|Any CPU
		{B78E73F3-C0F2-4DFB-9FE6-9996114A75A3}.Debug|x64.Build.0 = Debug|Any CPU
		{B78E73F3-C0F2-4DFB-9FE6-9996114A75A3}.Debug|x86.ActiveCfg = Debug|Any CPU
		{B78E73F3-C0F2-4DFB-9FE6-9996114A75A3}.Debug|x86.Build.0 = Debug|Any CPU
		{B78E73F3-C0F2-4DFB-9FE6-9996114A75A3}.Release|Any CPU.ActiveCfg = Release|Any CPU
		{B78E73F3-C0F2-4DFB-9FE6-9996114A75A3}.Release|Any CPU.Build.0 = Release|Any CPU
		{B78E73F3-C0F2-4DFB-9FE6-9996114A75A3}.Release|x64.ActiveCfg = Release|Any CPU
		{B78E73F3-C0F2-4DFB-9FE6-9996114A75A3}.Release|x64.Build.0 = Release|Any CPU
		{B78E73F3-C0F2-4DFB-9FE6-9996114A75A3}.Release|x86.ActiveCfg = Release|Any CPU
		{B78E73F3-C0F2-4DFB-9FE6-9996114A75A3}.Release|x86.Build.0 = Release|Any CPU
		{2031BB2A-6208-4149-8A0B-FCD076127E86}.Debug|Any CPU.ActiveCfg = Debug|Any CPU
		{2031BB2A-6208-4149-8A0B-FCD076127E86}.Debug|Any CPU.Build.0 = Debug|Any CPU
		{2031BB2A-6208-4149-8A0B-FCD076127E86}.Debug|x64.ActiveCfg = Debug|Any CPU
		{2031BB2A-6208-4149-8A0B-FCD076127E86}.Debug|x64.Build.0 = Debug|Any CPU
		{2031BB2A-6208-4149-8A0B-FCD076127E86}.Debug|x86.ActiveCfg = Debug|Any CPU
		{2031BB2A-6208-4149-8A0B-FCD076127E86}.Debug|x86.Build.0 = Debug|Any CPU
		{2031BB2A-6208-4149-8A0B-FCD076127E86}.Release|Any CPU.ActiveCfg = Release|Any CPU
		{2031BB2A-6208-4149-8A0B-FCD076127E86}.Release|Any CPU.Build.0 = Release|Any CPU
		{2031BB2A-6208-4149-8A0B-FCD076127E86}.Release|x64.ActiveCfg = Release|Any CPU
		{2031BB2A-6208-4149-8A0B-FCD076127E86}.Release|x64.Build.0 = Release|Any CPU
		{2031BB2A-6208-4149-8A0B-FCD076127E86}.Release|x86.ActiveCfg = Release|Any CPU
		{2031BB2A-6208-4149-8A0B-FCD076127E86}.Release|x86.Build.0 = Release|Any CPU
		{0D8BCBDF-9FED-459C-ACD4-F41657EF4BC2}.Debug|Any CPU.ActiveCfg = Debug|Any CPU
		{0D8BCBDF-9FED-459C-ACD4-F41657EF4BC2}.Debug|Any CPU.Build.0 = Debug|Any CPU
		{0D8BCBDF-9FED-459C-ACD4-F41657EF4BC2}.Debug|x64.ActiveCfg = Debug|Any CPU
		{0D8BCBDF-9FED-459C-ACD4-F41657EF4BC2}.Debug|x64.Build.0 = Debug|Any CPU
		{0D8BCBDF-9FED-459C-ACD4-F41657EF4BC2}.Debug|x86.ActiveCfg = Debug|Any CPU
		{0D8BCBDF-9FED-459C-ACD4-F41657EF4BC2}.Debug|x86.Build.0 = Debug|Any CPU
		{0D8BCBDF-9FED-459C-ACD4-F41657EF4BC2}.Release|Any CPU.ActiveCfg = Release|Any CPU
		{0D8BCBDF-9FED-459C-ACD4-F41657EF4BC2}.Release|Any CPU.Build.0 = Release|Any CPU
		{0D8BCBDF-9FED-459C-ACD4-F41657EF4BC2}.Release|x64.ActiveCfg = Release|Any CPU
		{0D8BCBDF-9FED-459C-ACD4-F41657EF4BC2}.Release|x64.Build.0 = Release|Any CPU
		{0D8BCBDF-9FED-459C-ACD4-F41657EF4BC2}.Release|x86.ActiveCfg = Release|Any CPU
		{0D8BCBDF-9FED-459C-ACD4-F41657EF4BC2}.Release|x86.Build.0 = Release|Any CPU
		{74EDBD6E-ECDB-4FD2-BE98-377A2A4DF547}.Debug|Any CPU.ActiveCfg = Debug|Any CPU
		{74EDBD6E-ECDB-4FD2-BE98-377A2A4DF547}.Debug|Any CPU.Build.0 = Debug|Any CPU
		{74EDBD6E-ECDB-4FD2-BE98-377A2A4DF547}.Debug|x64.ActiveCfg = Debug|Any CPU
		{74EDBD6E-ECDB-4FD2-BE98-377A2A4DF547}.Debug|x64.Build.0 = Debug|Any CPU
		{74EDBD6E-ECDB-4FD2-BE98-377A2A4DF547}.Debug|x86.ActiveCfg = Debug|Any CPU
		{74EDBD6E-ECDB-4FD2-BE98-377A2A4DF547}.Debug|x86.Build.0 = Debug|Any CPU
		{74EDBD6E-ECDB-4FD2-BE98-377A2A4DF547}.Release|Any CPU.ActiveCfg = Release|Any CPU
		{74EDBD6E-ECDB-4FD2-BE98-377A2A4DF547}.Release|Any CPU.Build.0 = Release|Any CPU
		{74EDBD6E-ECDB-4FD2-BE98-377A2A4DF547}.Release|x64.ActiveCfg = Release|Any CPU
		{74EDBD6E-ECDB-4FD2-BE98-377A2A4DF547}.Release|x64.Build.0 = Release|Any CPU
		{74EDBD6E-ECDB-4FD2-BE98-377A2A4DF547}.Release|x86.ActiveCfg = Release|Any CPU
		{74EDBD6E-ECDB-4FD2-BE98-377A2A4DF547}.Release|x86.Build.0 = Release|Any CPU
		{854C8EFC-0106-4030-99D6-833C8C96515A}.Debug|Any CPU.ActiveCfg = Debug|Any CPU
		{854C8EFC-0106-4030-99D6-833C8C96515A}.Debug|Any CPU.Build.0 = Debug|Any CPU
		{854C8EFC-0106-4030-99D6-833C8C96515A}.Debug|x64.ActiveCfg = Debug|Any CPU
		{854C8EFC-0106-4030-99D6-833C8C96515A}.Debug|x64.Build.0 = Debug|Any CPU
		{854C8EFC-0106-4030-99D6-833C8C96515A}.Debug|x86.ActiveCfg = Debug|Any CPU
		{854C8EFC-0106-4030-99D6-833C8C96515A}.Debug|x86.Build.0 = Debug|Any CPU
		{854C8EFC-0106-4030-99D6-833C8C96515A}.Release|Any CPU.ActiveCfg = Release|Any CPU
		{854C8EFC-0106-4030-99D6-833C8C96515A}.Release|Any CPU.Build.0 = Release|Any CPU
		{854C8EFC-0106-4030-99D6-833C8C96515A}.Release|x64.ActiveCfg = Release|Any CPU
		{854C8EFC-0106-4030-99D6-833C8C96515A}.Release|x64.Build.0 = Release|Any CPU
		{854C8EFC-0106-4030-99D6-833C8C96515A}.Release|x86.ActiveCfg = Release|Any CPU
		{854C8EFC-0106-4030-99D6-833C8C96515A}.Release|x86.Build.0 = Release|Any CPU
		{BD0BAC7E-ED45-4EBF-A844-62B507C091A1}.Debug|Any CPU.ActiveCfg = Debug|Any CPU
		{BD0BAC7E-ED45-4EBF-A844-62B507C091A1}.Debug|Any CPU.Build.0 = Debug|Any CPU
		{BD0BAC7E-ED45-4EBF-A844-62B507C091A1}.Debug|x64.ActiveCfg = Debug|Any CPU
		{BD0BAC7E-ED45-4EBF-A844-62B507C091A1}.Debug|x64.Build.0 = Debug|Any CPU
		{BD0BAC7E-ED45-4EBF-A844-62B507C091A1}.Debug|x86.ActiveCfg = Debug|Any CPU
		{BD0BAC7E-ED45-4EBF-A844-62B507C091A1}.Debug|x86.Build.0 = Debug|Any CPU
		{BD0BAC7E-ED45-4EBF-A844-62B507C091A1}.Release|Any CPU.ActiveCfg = Release|Any CPU
		{BD0BAC7E-ED45-4EBF-A844-62B507C091A1}.Release|Any CPU.Build.0 = Release|Any CPU
		{BD0BAC7E-ED45-4EBF-A844-62B507C091A1}.Release|x64.ActiveCfg = Release|Any CPU
		{BD0BAC7E-ED45-4EBF-A844-62B507C091A1}.Release|x64.Build.0 = Release|Any CPU
		{BD0BAC7E-ED45-4EBF-A844-62B507C091A1}.Release|x86.ActiveCfg = Release|Any CPU
		{BD0BAC7E-ED45-4EBF-A844-62B507C091A1}.Release|x86.Build.0 = Release|Any CPU
		{74115F42-1DDC-4F11-8358-5E9F893315E2}.Debug|Any CPU.ActiveCfg = Debug|Any CPU
		{74115F42-1DDC-4F11-8358-5E9F893315E2}.Debug|Any CPU.Build.0 = Debug|Any CPU
		{74115F42-1DDC-4F11-8358-5E9F893315E2}.Debug|x64.ActiveCfg = Debug|Any CPU
		{74115F42-1DDC-4F11-8358-5E9F893315E2}.Debug|x64.Build.0 = Debug|Any CPU
		{74115F42-1DDC-4F11-8358-5E9F893315E2}.Debug|x86.ActiveCfg = Debug|Any CPU
		{74115F42-1DDC-4F11-8358-5E9F893315E2}.Debug|x86.Build.0 = Debug|Any CPU
		{74115F42-1DDC-4F11-8358-5E9F893315E2}.Release|Any CPU.ActiveCfg = Release|Any CPU
		{74115F42-1DDC-4F11-8358-5E9F893315E2}.Release|Any CPU.Build.0 = Release|Any CPU
		{74115F42-1DDC-4F11-8358-5E9F893315E2}.Release|x64.ActiveCfg = Release|Any CPU
		{74115F42-1DDC-4F11-8358-5E9F893315E2}.Release|x64.Build.0 = Release|Any CPU
		{74115F42-1DDC-4F11-8358-5E9F893315E2}.Release|x86.ActiveCfg = Release|Any CPU
		{74115F42-1DDC-4F11-8358-5E9F893315E2}.Release|x86.Build.0 = Release|Any CPU
		{46347B5E-4618-4BB6-8CB2-993CE0001CCB}.Debug|Any CPU.ActiveCfg = Debug|Any CPU
		{46347B5E-4618-4BB6-8CB2-993CE0001CCB}.Debug|Any CPU.Build.0 = Debug|Any CPU
		{46347B5E-4618-4BB6-8CB2-993CE0001CCB}.Debug|x64.ActiveCfg = Debug|Any CPU
		{46347B5E-4618-4BB6-8CB2-993CE0001CCB}.Debug|x64.Build.0 = Debug|Any CPU
		{46347B5E-4618-4BB6-8CB2-993CE0001CCB}.Debug|x86.ActiveCfg = Debug|Any CPU
		{46347B5E-4618-4BB6-8CB2-993CE0001CCB}.Debug|x86.Build.0 = Debug|Any CPU
		{46347B5E-4618-4BB6-8CB2-993CE0001CCB}.Release|Any CPU.ActiveCfg = Release|Any CPU
		{46347B5E-4618-4BB6-8CB2-993CE0001CCB}.Release|Any CPU.Build.0 = Release|Any CPU
		{46347B5E-4618-4BB6-8CB2-993CE0001CCB}.Release|x64.ActiveCfg = Release|Any CPU
		{46347B5E-4618-4BB6-8CB2-993CE0001CCB}.Release|x64.Build.0 = Release|Any CPU
		{46347B5E-4618-4BB6-8CB2-993CE0001CCB}.Release|x86.ActiveCfg = Release|Any CPU
		{46347B5E-4618-4BB6-8CB2-993CE0001CCB}.Release|x86.Build.0 = Release|Any CPU
		{81EDE4C3-05DC-4096-BC83-6517C4F63D48}.Debug|Any CPU.ActiveCfg = Debug|Any CPU
		{81EDE4C3-05DC-4096-BC83-6517C4F63D48}.Debug|Any CPU.Build.0 = Debug|Any CPU
		{81EDE4C3-05DC-4096-BC83-6517C4F63D48}.Debug|x64.ActiveCfg = Debug|Any CPU
		{81EDE4C3-05DC-4096-BC83-6517C4F63D48}.Debug|x64.Build.0 = Debug|Any CPU
		{81EDE4C3-05DC-4096-BC83-6517C4F63D48}.Debug|x86.ActiveCfg = Debug|Any CPU
		{81EDE4C3-05DC-4096-BC83-6517C4F63D48}.Debug|x86.Build.0 = Debug|Any CPU
		{81EDE4C3-05DC-4096-BC83-6517C4F63D48}.Release|Any CPU.ActiveCfg = Release|Any CPU
		{81EDE4C3-05DC-4096-BC83-6517C4F63D48}.Release|Any CPU.Build.0 = Release|Any CPU
		{81EDE4C3-05DC-4096-BC83-6517C4F63D48}.Release|x64.ActiveCfg = Release|Any CPU
		{81EDE4C3-05DC-4096-BC83-6517C4F63D48}.Release|x64.Build.0 = Release|Any CPU
		{81EDE4C3-05DC-4096-BC83-6517C4F63D48}.Release|x86.ActiveCfg = Release|Any CPU
		{81EDE4C3-05DC-4096-BC83-6517C4F63D48}.Release|x86.Build.0 = Release|Any CPU
		{03436F5B-610A-4A0B-A23D-DB72A38A3236}.Debug|Any CPU.ActiveCfg = Debug|Any CPU
		{03436F5B-610A-4A0B-A23D-DB72A38A3236}.Debug|Any CPU.Build.0 = Debug|Any CPU
		{03436F5B-610A-4A0B-A23D-DB72A38A3236}.Debug|x64.ActiveCfg = Debug|Any CPU
		{03436F5B-610A-4A0B-A23D-DB72A38A3236}.Debug|x64.Build.0 = Debug|Any CPU
		{03436F5B-610A-4A0B-A23D-DB72A38A3236}.Debug|x86.ActiveCfg = Debug|Any CPU
		{03436F5B-610A-4A0B-A23D-DB72A38A3236}.Debug|x86.Build.0 = Debug|Any CPU
		{03436F5B-610A-4A0B-A23D-DB72A38A3236}.Release|Any CPU.ActiveCfg = Release|Any CPU
		{03436F5B-610A-4A0B-A23D-DB72A38A3236}.Release|Any CPU.Build.0 = Release|Any CPU
		{03436F5B-610A-4A0B-A23D-DB72A38A3236}.Release|x64.ActiveCfg = Release|Any CPU
		{03436F5B-610A-4A0B-A23D-DB72A38A3236}.Release|x64.Build.0 = Release|Any CPU
		{03436F5B-610A-4A0B-A23D-DB72A38A3236}.Release|x86.ActiveCfg = Release|Any CPU
		{03436F5B-610A-4A0B-A23D-DB72A38A3236}.Release|x86.Build.0 = Release|Any CPU
		{BB6E917B-D892-46D9-B07C-1AE4E5017222}.Debug|Any CPU.ActiveCfg = Debug|Any CPU
		{BB6E917B-D892-46D9-B07C-1AE4E5017222}.Debug|Any CPU.Build.0 = Debug|Any CPU
		{BB6E917B-D892-46D9-B07C-1AE4E5017222}.Debug|x64.ActiveCfg = Debug|Any CPU
		{BB6E917B-D892-46D9-B07C-1AE4E5017222}.Debug|x64.Build.0 = Debug|Any CPU
		{BB6E917B-D892-46D9-B07C-1AE4E5017222}.Debug|x86.ActiveCfg = Debug|Any CPU
		{BB6E917B-D892-46D9-B07C-1AE4E5017222}.Debug|x86.Build.0 = Debug|Any CPU
		{BB6E917B-D892-46D9-B07C-1AE4E5017222}.Release|Any CPU.ActiveCfg = Release|Any CPU
		{BB6E917B-D892-46D9-B07C-1AE4E5017222}.Release|Any CPU.Build.0 = Release|Any CPU
		{BB6E917B-D892-46D9-B07C-1AE4E5017222}.Release|x64.ActiveCfg = Release|Any CPU
		{BB6E917B-D892-46D9-B07C-1AE4E5017222}.Release|x64.Build.0 = Release|Any CPU
		{BB6E917B-D892-46D9-B07C-1AE4E5017222}.Release|x86.ActiveCfg = Release|Any CPU
		{BB6E917B-D892-46D9-B07C-1AE4E5017222}.Release|x86.Build.0 = Release|Any CPU
		{EB9BE095-5AD2-487B-B9E1-394E69B0C4B0}.Debug|Any CPU.ActiveCfg = Debug|Any CPU
		{EB9BE095-5AD2-487B-B9E1-394E69B0C4B0}.Debug|Any CPU.Build.0 = Debug|Any CPU
		{EB9BE095-5AD2-487B-B9E1-394E69B0C4B0}.Debug|x64.ActiveCfg = Debug|Any CPU
		{EB9BE095-5AD2-487B-B9E1-394E69B0C4B0}.Debug|x64.Build.0 = Debug|Any CPU
		{EB9BE095-5AD2-487B-B9E1-394E69B0C4B0}.Debug|x86.ActiveCfg = Debug|Any CPU
		{EB9BE095-5AD2-487B-B9E1-394E69B0C4B0}.Debug|x86.Build.0 = Debug|Any CPU
		{EB9BE095-5AD2-487B-B9E1-394E69B0C4B0}.Release|Any CPU.ActiveCfg = Release|Any CPU
		{EB9BE095-5AD2-487B-B9E1-394E69B0C4B0}.Release|Any CPU.Build.0 = Release|Any CPU
		{EB9BE095-5AD2-487B-B9E1-394E69B0C4B0}.Release|x64.ActiveCfg = Release|Any CPU
		{EB9BE095-5AD2-487B-B9E1-394E69B0C4B0}.Release|x64.Build.0 = Release|Any CPU
		{EB9BE095-5AD2-487B-B9E1-394E69B0C4B0}.Release|x86.ActiveCfg = Release|Any CPU
		{EB9BE095-5AD2-487B-B9E1-394E69B0C4B0}.Release|x86.Build.0 = Release|Any CPU
		{E670637F-4C7B-41D6-A65E-178E1C71F8FE}.Debug|Any CPU.ActiveCfg = Debug|Any CPU
		{E670637F-4C7B-41D6-A65E-178E1C71F8FE}.Debug|Any CPU.Build.0 = Debug|Any CPU
		{E670637F-4C7B-41D6-A65E-178E1C71F8FE}.Debug|x64.ActiveCfg = Debug|Any CPU
		{E670637F-4C7B-41D6-A65E-178E1C71F8FE}.Debug|x64.Build.0 = Debug|Any CPU
		{E670637F-4C7B-41D6-A65E-178E1C71F8FE}.Debug|x86.ActiveCfg = Debug|Any CPU
		{E670637F-4C7B-41D6-A65E-178E1C71F8FE}.Debug|x86.Build.0 = Debug|Any CPU
		{E670637F-4C7B-41D6-A65E-178E1C71F8FE}.Release|Any CPU.ActiveCfg = Release|Any CPU
		{E670637F-4C7B-41D6-A65E-178E1C71F8FE}.Release|Any CPU.Build.0 = Release|Any CPU
		{E670637F-4C7B-41D6-A65E-178E1C71F8FE}.Release|x64.ActiveCfg = Release|Any CPU
		{E670637F-4C7B-41D6-A65E-178E1C71F8FE}.Release|x64.Build.0 = Release|Any CPU
		{E670637F-4C7B-41D6-A65E-178E1C71F8FE}.Release|x86.ActiveCfg = Release|Any CPU
		{E670637F-4C7B-41D6-A65E-178E1C71F8FE}.Release|x86.Build.0 = Release|Any CPU
		{31D4C7E5-5A09-4C95-B5C8-BFDAF928A2CC}.Debug|Any CPU.ActiveCfg = Debug|Any CPU
		{31D4C7E5-5A09-4C95-B5C8-BFDAF928A2CC}.Debug|Any CPU.Build.0 = Debug|Any CPU
		{31D4C7E5-5A09-4C95-B5C8-BFDAF928A2CC}.Debug|x64.ActiveCfg = Debug|Any CPU
		{31D4C7E5-5A09-4C95-B5C8-BFDAF928A2CC}.Debug|x64.Build.0 = Debug|Any CPU
		{31D4C7E5-5A09-4C95-B5C8-BFDAF928A2CC}.Debug|x86.ActiveCfg = Debug|Any CPU
		{31D4C7E5-5A09-4C95-B5C8-BFDAF928A2CC}.Debug|x86.Build.0 = Debug|Any CPU
		{31D4C7E5-5A09-4C95-B5C8-BFDAF928A2CC}.Release|Any CPU.ActiveCfg = Release|Any CPU
		{31D4C7E5-5A09-4C95-B5C8-BFDAF928A2CC}.Release|Any CPU.Build.0 = Release|Any CPU
		{31D4C7E5-5A09-4C95-B5C8-BFDAF928A2CC}.Release|x64.ActiveCfg = Release|Any CPU
		{31D4C7E5-5A09-4C95-B5C8-BFDAF928A2CC}.Release|x64.Build.0 = Release|Any CPU
		{31D4C7E5-5A09-4C95-B5C8-BFDAF928A2CC}.Release|x86.ActiveCfg = Release|Any CPU
		{31D4C7E5-5A09-4C95-B5C8-BFDAF928A2CC}.Release|x86.Build.0 = Release|Any CPU
		{73DBCC32-DA0A-4518-9411-B6314268A818}.Debug|Any CPU.ActiveCfg = Debug|Any CPU
		{73DBCC32-DA0A-4518-9411-B6314268A818}.Debug|Any CPU.Build.0 = Debug|Any CPU
		{73DBCC32-DA0A-4518-9411-B6314268A818}.Debug|x64.ActiveCfg = Debug|Any CPU
		{73DBCC32-DA0A-4518-9411-B6314268A818}.Debug|x64.Build.0 = Debug|Any CPU
		{73DBCC32-DA0A-4518-9411-B6314268A818}.Debug|x86.ActiveCfg = Debug|Any CPU
		{73DBCC32-DA0A-4518-9411-B6314268A818}.Debug|x86.Build.0 = Debug|Any CPU
		{73DBCC32-DA0A-4518-9411-B6314268A818}.Release|Any CPU.ActiveCfg = Release|Any CPU
		{73DBCC32-DA0A-4518-9411-B6314268A818}.Release|Any CPU.Build.0 = Release|Any CPU
		{73DBCC32-DA0A-4518-9411-B6314268A818}.Release|x64.ActiveCfg = Release|Any CPU
		{73DBCC32-DA0A-4518-9411-B6314268A818}.Release|x64.Build.0 = Release|Any CPU
		{73DBCC32-DA0A-4518-9411-B6314268A818}.Release|x86.ActiveCfg = Release|Any CPU
		{73DBCC32-DA0A-4518-9411-B6314268A818}.Release|x86.Build.0 = Release|Any CPU
		{C07AB634-1BB9-4CD7-9A99-FF890553B32F}.Debug|Any CPU.ActiveCfg = Debug|Any CPU
		{C07AB634-1BB9-4CD7-9A99-FF890553B32F}.Debug|Any CPU.Build.0 = Debug|Any CPU
		{C07AB634-1BB9-4CD7-9A99-FF890553B32F}.Debug|x64.ActiveCfg = Debug|Any CPU
		{C07AB634-1BB9-4CD7-9A99-FF890553B32F}.Debug|x64.Build.0 = Debug|Any CPU
		{C07AB634-1BB9-4CD7-9A99-FF890553B32F}.Debug|x86.ActiveCfg = Debug|Any CPU
		{C07AB634-1BB9-4CD7-9A99-FF890553B32F}.Debug|x86.Build.0 = Debug|Any CPU
		{C07AB634-1BB9-4CD7-9A99-FF890553B32F}.Release|Any CPU.ActiveCfg = Release|Any CPU
		{C07AB634-1BB9-4CD7-9A99-FF890553B32F}.Release|Any CPU.Build.0 = Release|Any CPU
		{C07AB634-1BB9-4CD7-9A99-FF890553B32F}.Release|x64.ActiveCfg = Release|Any CPU
		{C07AB634-1BB9-4CD7-9A99-FF890553B32F}.Release|x64.Build.0 = Release|Any CPU
		{C07AB634-1BB9-4CD7-9A99-FF890553B32F}.Release|x86.ActiveCfg = Release|Any CPU
		{C07AB634-1BB9-4CD7-9A99-FF890553B32F}.Release|x86.Build.0 = Release|Any CPU
		{67076EC3-B9DC-4989-85EF-6E22C607B09C}.Debug|Any CPU.ActiveCfg = Debug|Any CPU
		{67076EC3-B9DC-4989-85EF-6E22C607B09C}.Debug|Any CPU.Build.0 = Debug|Any CPU
		{67076EC3-B9DC-4989-85EF-6E22C607B09C}.Debug|x64.ActiveCfg = Debug|Any CPU
		{67076EC3-B9DC-4989-85EF-6E22C607B09C}.Debug|x64.Build.0 = Debug|Any CPU
		{67076EC3-B9DC-4989-85EF-6E22C607B09C}.Debug|x86.ActiveCfg = Debug|Any CPU
		{67076EC3-B9DC-4989-85EF-6E22C607B09C}.Debug|x86.Build.0 = Debug|Any CPU
		{67076EC3-B9DC-4989-85EF-6E22C607B09C}.Release|Any CPU.ActiveCfg = Release|Any CPU
		{67076EC3-B9DC-4989-85EF-6E22C607B09C}.Release|Any CPU.Build.0 = Release|Any CPU
		{67076EC3-B9DC-4989-85EF-6E22C607B09C}.Release|x64.ActiveCfg = Release|Any CPU
		{67076EC3-B9DC-4989-85EF-6E22C607B09C}.Release|x64.Build.0 = Release|Any CPU
		{67076EC3-B9DC-4989-85EF-6E22C607B09C}.Release|x86.ActiveCfg = Release|Any CPU
		{67076EC3-B9DC-4989-85EF-6E22C607B09C}.Release|x86.Build.0 = Release|Any CPU
		{F51A518E-B221-4328-AFCB-76FBC57BB8C2}.Debug|Any CPU.ActiveCfg = Debug|Any CPU
		{F51A518E-B221-4328-AFCB-76FBC57BB8C2}.Debug|Any CPU.Build.0 = Debug|Any CPU
		{F51A518E-B221-4328-AFCB-76FBC57BB8C2}.Debug|x64.ActiveCfg = Debug|Any CPU
		{F51A518E-B221-4328-AFCB-76FBC57BB8C2}.Debug|x64.Build.0 = Debug|Any CPU
		{F51A518E-B221-4328-AFCB-76FBC57BB8C2}.Debug|x86.ActiveCfg = Debug|Any CPU
		{F51A518E-B221-4328-AFCB-76FBC57BB8C2}.Debug|x86.Build.0 = Debug|Any CPU
		{F51A518E-B221-4328-AFCB-76FBC57BB8C2}.Release|Any CPU.ActiveCfg = Release|Any CPU
		{F51A518E-B221-4328-AFCB-76FBC57BB8C2}.Release|Any CPU.Build.0 = Release|Any CPU
		{F51A518E-B221-4328-AFCB-76FBC57BB8C2}.Release|x64.ActiveCfg = Release|Any CPU
		{F51A518E-B221-4328-AFCB-76FBC57BB8C2}.Release|x64.Build.0 = Release|Any CPU
		{F51A518E-B221-4328-AFCB-76FBC57BB8C2}.Release|x86.ActiveCfg = Release|Any CPU
		{F51A518E-B221-4328-AFCB-76FBC57BB8C2}.Release|x86.Build.0 = Release|Any CPU
		{EED05E5B-3B38-4CA2-A209-FE5F2BB0BBA8}.Debug|Any CPU.ActiveCfg = Debug|Any CPU
		{EED05E5B-3B38-4CA2-A209-FE5F2BB0BBA8}.Debug|Any CPU.Build.0 = Debug|Any CPU
		{EED05E5B-3B38-4CA2-A209-FE5F2BB0BBA8}.Debug|x64.ActiveCfg = Debug|Any CPU
		{EED05E5B-3B38-4CA2-A209-FE5F2BB0BBA8}.Debug|x64.Build.0 = Debug|Any CPU
		{EED05E5B-3B38-4CA2-A209-FE5F2BB0BBA8}.Debug|x86.ActiveCfg = Debug|Any CPU
		{EED05E5B-3B38-4CA2-A209-FE5F2BB0BBA8}.Debug|x86.Build.0 = Debug|Any CPU
		{EED05E5B-3B38-4CA2-A209-FE5F2BB0BBA8}.Release|Any CPU.ActiveCfg = Release|Any CPU
		{EED05E5B-3B38-4CA2-A209-FE5F2BB0BBA8}.Release|Any CPU.Build.0 = Release|Any CPU
		{EED05E5B-3B38-4CA2-A209-FE5F2BB0BBA8}.Release|x64.ActiveCfg = Release|Any CPU
		{EED05E5B-3B38-4CA2-A209-FE5F2BB0BBA8}.Release|x64.Build.0 = Release|Any CPU
		{EED05E5B-3B38-4CA2-A209-FE5F2BB0BBA8}.Release|x86.ActiveCfg = Release|Any CPU
		{EED05E5B-3B38-4CA2-A209-FE5F2BB0BBA8}.Release|x86.Build.0 = Release|Any CPU
		{CB3FBD39-A54A-4B53-8534-17061AC6138A}.Debug|Any CPU.ActiveCfg = Debug|Any CPU
		{CB3FBD39-A54A-4B53-8534-17061AC6138A}.Debug|Any CPU.Build.0 = Debug|Any CPU
		{CB3FBD39-A54A-4B53-8534-17061AC6138A}.Debug|x64.ActiveCfg = Debug|Any CPU
		{CB3FBD39-A54A-4B53-8534-17061AC6138A}.Debug|x64.Build.0 = Debug|Any CPU
		{CB3FBD39-A54A-4B53-8534-17061AC6138A}.Debug|x86.ActiveCfg = Debug|Any CPU
		{CB3FBD39-A54A-4B53-8534-17061AC6138A}.Debug|x86.Build.0 = Debug|Any CPU
		{CB3FBD39-A54A-4B53-8534-17061AC6138A}.Release|Any CPU.ActiveCfg = Release|Any CPU
		{CB3FBD39-A54A-4B53-8534-17061AC6138A}.Release|Any CPU.Build.0 = Release|Any CPU
		{CB3FBD39-A54A-4B53-8534-17061AC6138A}.Release|x64.ActiveCfg = Release|Any CPU
		{CB3FBD39-A54A-4B53-8534-17061AC6138A}.Release|x64.Build.0 = Release|Any CPU
		{CB3FBD39-A54A-4B53-8534-17061AC6138A}.Release|x86.ActiveCfg = Release|Any CPU
		{CB3FBD39-A54A-4B53-8534-17061AC6138A}.Release|x86.Build.0 = Release|Any CPU
		{D1E02C78-EC34-4EA0-8B04-B652BA737FF0}.Debug|Any CPU.ActiveCfg = Debug|Any CPU
		{D1E02C78-EC34-4EA0-8B04-B652BA737FF0}.Debug|Any CPU.Build.0 = Debug|Any CPU
		{D1E02C78-EC34-4EA0-8B04-B652BA737FF0}.Debug|x64.ActiveCfg = Debug|Any CPU
		{D1E02C78-EC34-4EA0-8B04-B652BA737FF0}.Debug|x64.Build.0 = Debug|Any CPU
		{D1E02C78-EC34-4EA0-8B04-B652BA737FF0}.Debug|x86.ActiveCfg = Debug|Any CPU
		{D1E02C78-EC34-4EA0-8B04-B652BA737FF0}.Debug|x86.Build.0 = Debug|Any CPU
		{D1E02C78-EC34-4EA0-8B04-B652BA737FF0}.Release|Any CPU.ActiveCfg = Release|Any CPU
		{D1E02C78-EC34-4EA0-8B04-B652BA737FF0}.Release|Any CPU.Build.0 = Release|Any CPU
		{D1E02C78-EC34-4EA0-8B04-B652BA737FF0}.Release|x64.ActiveCfg = Release|Any CPU
		{D1E02C78-EC34-4EA0-8B04-B652BA737FF0}.Release|x64.Build.0 = Release|Any CPU
		{D1E02C78-EC34-4EA0-8B04-B652BA737FF0}.Release|x86.ActiveCfg = Release|Any CPU
		{D1E02C78-EC34-4EA0-8B04-B652BA737FF0}.Release|x86.Build.0 = Release|Any CPU
		{0AA034FB-508A-4A02-AEDC-EA7CF6D64906}.Debug|Any CPU.ActiveCfg = Debug|Any CPU
		{0AA034FB-508A-4A02-AEDC-EA7CF6D64906}.Debug|Any CPU.Build.0 = Debug|Any CPU
		{0AA034FB-508A-4A02-AEDC-EA7CF6D64906}.Debug|x64.ActiveCfg = Debug|Any CPU
		{0AA034FB-508A-4A02-AEDC-EA7CF6D64906}.Debug|x64.Build.0 = Debug|Any CPU
		{0AA034FB-508A-4A02-AEDC-EA7CF6D64906}.Debug|x86.ActiveCfg = Debug|Any CPU
		{0AA034FB-508A-4A02-AEDC-EA7CF6D64906}.Debug|x86.Build.0 = Debug|Any CPU
		{0AA034FB-508A-4A02-AEDC-EA7CF6D64906}.Release|Any CPU.ActiveCfg = Release|Any CPU
		{0AA034FB-508A-4A02-AEDC-EA7CF6D64906}.Release|Any CPU.Build.0 = Release|Any CPU
		{0AA034FB-508A-4A02-AEDC-EA7CF6D64906}.Release|x64.ActiveCfg = Release|Any CPU
		{0AA034FB-508A-4A02-AEDC-EA7CF6D64906}.Release|x64.Build.0 = Release|Any CPU
		{0AA034FB-508A-4A02-AEDC-EA7CF6D64906}.Release|x86.ActiveCfg = Release|Any CPU
		{0AA034FB-508A-4A02-AEDC-EA7CF6D64906}.Release|x86.Build.0 = Release|Any CPU
		{29F2E92D-AFBA-495C-86C6-246C5C534B99}.Debug|Any CPU.ActiveCfg = Debug|Any CPU
		{29F2E92D-AFBA-495C-86C6-246C5C534B99}.Debug|Any CPU.Build.0 = Debug|Any CPU
		{29F2E92D-AFBA-495C-86C6-246C5C534B99}.Debug|x64.ActiveCfg = Debug|Any CPU
		{29F2E92D-AFBA-495C-86C6-246C5C534B99}.Debug|x64.Build.0 = Debug|Any CPU
		{29F2E92D-AFBA-495C-86C6-246C5C534B99}.Debug|x86.ActiveCfg = Debug|Any CPU
		{29F2E92D-AFBA-495C-86C6-246C5C534B99}.Debug|x86.Build.0 = Debug|Any CPU
		{29F2E92D-AFBA-495C-86C6-246C5C534B99}.Release|Any CPU.ActiveCfg = Release|Any CPU
		{29F2E92D-AFBA-495C-86C6-246C5C534B99}.Release|Any CPU.Build.0 = Release|Any CPU
		{29F2E92D-AFBA-495C-86C6-246C5C534B99}.Release|x64.ActiveCfg = Release|Any CPU
		{29F2E92D-AFBA-495C-86C6-246C5C534B99}.Release|x64.Build.0 = Release|Any CPU
		{29F2E92D-AFBA-495C-86C6-246C5C534B99}.Release|x86.ActiveCfg = Release|Any CPU
		{29F2E92D-AFBA-495C-86C6-246C5C534B99}.Release|x86.Build.0 = Release|Any CPU
		{EF2DA55E-0DEC-4F25-A80C-429FA9871586}.Debug|Any CPU.ActiveCfg = Debug|Any CPU
		{EF2DA55E-0DEC-4F25-A80C-429FA9871586}.Debug|Any CPU.Build.0 = Debug|Any CPU
		{EF2DA55E-0DEC-4F25-A80C-429FA9871586}.Debug|x64.ActiveCfg = Debug|Any CPU
		{EF2DA55E-0DEC-4F25-A80C-429FA9871586}.Debug|x64.Build.0 = Debug|Any CPU
		{EF2DA55E-0DEC-4F25-A80C-429FA9871586}.Debug|x86.ActiveCfg = Debug|Any CPU
		{EF2DA55E-0DEC-4F25-A80C-429FA9871586}.Debug|x86.Build.0 = Debug|Any CPU
		{EF2DA55E-0DEC-4F25-A80C-429FA9871586}.Release|Any CPU.ActiveCfg = Release|Any CPU
		{EF2DA55E-0DEC-4F25-A80C-429FA9871586}.Release|Any CPU.Build.0 = Release|Any CPU
		{EF2DA55E-0DEC-4F25-A80C-429FA9871586}.Release|x64.ActiveCfg = Release|Any CPU
		{EF2DA55E-0DEC-4F25-A80C-429FA9871586}.Release|x64.Build.0 = Release|Any CPU
		{EF2DA55E-0DEC-4F25-A80C-429FA9871586}.Release|x86.ActiveCfg = Release|Any CPU
		{EF2DA55E-0DEC-4F25-A80C-429FA9871586}.Release|x86.Build.0 = Release|Any CPU
		{1010D0AA-0B32-4AF9-AB3D-948A4C1AE1FF}.Debug|Any CPU.ActiveCfg = Debug|Any CPU
		{1010D0AA-0B32-4AF9-AB3D-948A4C1AE1FF}.Debug|Any CPU.Build.0 = Debug|Any CPU
		{1010D0AA-0B32-4AF9-AB3D-948A4C1AE1FF}.Debug|x64.ActiveCfg = Debug|Any CPU
		{1010D0AA-0B32-4AF9-AB3D-948A4C1AE1FF}.Debug|x64.Build.0 = Debug|Any CPU
		{1010D0AA-0B32-4AF9-AB3D-948A4C1AE1FF}.Debug|x86.ActiveCfg = Debug|Any CPU
		{1010D0AA-0B32-4AF9-AB3D-948A4C1AE1FF}.Debug|x86.Build.0 = Debug|Any CPU
		{1010D0AA-0B32-4AF9-AB3D-948A4C1AE1FF}.Release|Any CPU.ActiveCfg = Release|Any CPU
		{1010D0AA-0B32-4AF9-AB3D-948A4C1AE1FF}.Release|Any CPU.Build.0 = Release|Any CPU
		{1010D0AA-0B32-4AF9-AB3D-948A4C1AE1FF}.Release|x64.ActiveCfg = Release|Any CPU
		{1010D0AA-0B32-4AF9-AB3D-948A4C1AE1FF}.Release|x64.Build.0 = Release|Any CPU
		{1010D0AA-0B32-4AF9-AB3D-948A4C1AE1FF}.Release|x86.ActiveCfg = Release|Any CPU
		{1010D0AA-0B32-4AF9-AB3D-948A4C1AE1FF}.Release|x86.Build.0 = Release|Any CPU
		{8C3711A9-4CD5-4B51-90E3-1E14BA500620}.Debug|Any CPU.ActiveCfg = Debug|Any CPU
		{8C3711A9-4CD5-4B51-90E3-1E14BA500620}.Debug|Any CPU.Build.0 = Debug|Any CPU
		{8C3711A9-4CD5-4B51-90E3-1E14BA500620}.Debug|x64.ActiveCfg = Debug|Any CPU
		{8C3711A9-4CD5-4B51-90E3-1E14BA500620}.Debug|x64.Build.0 = Debug|Any CPU
		{8C3711A9-4CD5-4B51-90E3-1E14BA500620}.Debug|x86.ActiveCfg = Debug|Any CPU
		{8C3711A9-4CD5-4B51-90E3-1E14BA500620}.Debug|x86.Build.0 = Debug|Any CPU
		{8C3711A9-4CD5-4B51-90E3-1E14BA500620}.Release|Any CPU.ActiveCfg = Release|Any CPU
		{8C3711A9-4CD5-4B51-90E3-1E14BA500620}.Release|Any CPU.Build.0 = Release|Any CPU
		{8C3711A9-4CD5-4B51-90E3-1E14BA500620}.Release|x64.ActiveCfg = Release|Any CPU
		{8C3711A9-4CD5-4B51-90E3-1E14BA500620}.Release|x64.Build.0 = Release|Any CPU
		{8C3711A9-4CD5-4B51-90E3-1E14BA500620}.Release|x86.ActiveCfg = Release|Any CPU
		{8C3711A9-4CD5-4B51-90E3-1E14BA500620}.Release|x86.Build.0 = Release|Any CPU
		{B4449AB6-2BAA-4CAB-8E8D-8C5B2CD98F38}.Debug|Any CPU.ActiveCfg = Debug|Any CPU
		{B4449AB6-2BAA-4CAB-8E8D-8C5B2CD98F38}.Debug|Any CPU.Build.0 = Debug|Any CPU
		{B4449AB6-2BAA-4CAB-8E8D-8C5B2CD98F38}.Debug|x64.ActiveCfg = Debug|Any CPU
		{B4449AB6-2BAA-4CAB-8E8D-8C5B2CD98F38}.Debug|x64.Build.0 = Debug|Any CPU
		{B4449AB6-2BAA-4CAB-8E8D-8C5B2CD98F38}.Debug|x86.ActiveCfg = Debug|Any CPU
		{B4449AB6-2BAA-4CAB-8E8D-8C5B2CD98F38}.Debug|x86.Build.0 = Debug|Any CPU
		{B4449AB6-2BAA-4CAB-8E8D-8C5B2CD98F38}.Release|Any CPU.ActiveCfg = Release|Any CPU
		{B4449AB6-2BAA-4CAB-8E8D-8C5B2CD98F38}.Release|Any CPU.Build.0 = Release|Any CPU
		{B4449AB6-2BAA-4CAB-8E8D-8C5B2CD98F38}.Release|x64.ActiveCfg = Release|Any CPU
		{B4449AB6-2BAA-4CAB-8E8D-8C5B2CD98F38}.Release|x64.Build.0 = Release|Any CPU
		{B4449AB6-2BAA-4CAB-8E8D-8C5B2CD98F38}.Release|x86.ActiveCfg = Release|Any CPU
		{B4449AB6-2BAA-4CAB-8E8D-8C5B2CD98F38}.Release|x86.Build.0 = Release|Any CPU
		{3A7A0A1A-B917-420A-B3EE-6AEE53CB0DBB}.Debug|Any CPU.ActiveCfg = Debug|Any CPU
		{3A7A0A1A-B917-420A-B3EE-6AEE53CB0DBB}.Debug|Any CPU.Build.0 = Debug|Any CPU
		{3A7A0A1A-B917-420A-B3EE-6AEE53CB0DBB}.Debug|x64.ActiveCfg = Debug|Any CPU
		{3A7A0A1A-B917-420A-B3EE-6AEE53CB0DBB}.Debug|x64.Build.0 = Debug|Any CPU
		{3A7A0A1A-B917-420A-B3EE-6AEE53CB0DBB}.Debug|x86.ActiveCfg = Debug|Any CPU
		{3A7A0A1A-B917-420A-B3EE-6AEE53CB0DBB}.Debug|x86.Build.0 = Debug|Any CPU
		{3A7A0A1A-B917-420A-B3EE-6AEE53CB0DBB}.Release|Any CPU.ActiveCfg = Release|Any CPU
		{3A7A0A1A-B917-420A-B3EE-6AEE53CB0DBB}.Release|Any CPU.Build.0 = Release|Any CPU
		{3A7A0A1A-B917-420A-B3EE-6AEE53CB0DBB}.Release|x64.ActiveCfg = Release|Any CPU
		{3A7A0A1A-B917-420A-B3EE-6AEE53CB0DBB}.Release|x64.Build.0 = Release|Any CPU
		{3A7A0A1A-B917-420A-B3EE-6AEE53CB0DBB}.Release|x86.ActiveCfg = Release|Any CPU
		{3A7A0A1A-B917-420A-B3EE-6AEE53CB0DBB}.Release|x86.Build.0 = Release|Any CPU
		{66B286DC-90CC-416A-B842-679ADDC7D18D}.Debug|Any CPU.ActiveCfg = Debug|Any CPU
		{66B286DC-90CC-416A-B842-679ADDC7D18D}.Debug|Any CPU.Build.0 = Debug|Any CPU
		{66B286DC-90CC-416A-B842-679ADDC7D18D}.Debug|x64.ActiveCfg = Debug|Any CPU
		{66B286DC-90CC-416A-B842-679ADDC7D18D}.Debug|x64.Build.0 = Debug|Any CPU
		{66B286DC-90CC-416A-B842-679ADDC7D18D}.Debug|x86.ActiveCfg = Debug|Any CPU
		{66B286DC-90CC-416A-B842-679ADDC7D18D}.Debug|x86.Build.0 = Debug|Any CPU
		{66B286DC-90CC-416A-B842-679ADDC7D18D}.Release|Any CPU.ActiveCfg = Release|Any CPU
		{66B286DC-90CC-416A-B842-679ADDC7D18D}.Release|Any CPU.Build.0 = Release|Any CPU
		{66B286DC-90CC-416A-B842-679ADDC7D18D}.Release|x64.ActiveCfg = Release|Any CPU
		{66B286DC-90CC-416A-B842-679ADDC7D18D}.Release|x64.Build.0 = Release|Any CPU
		{66B286DC-90CC-416A-B842-679ADDC7D18D}.Release|x86.ActiveCfg = Release|Any CPU
		{66B286DC-90CC-416A-B842-679ADDC7D18D}.Release|x86.Build.0 = Release|Any CPU
		{C30FFC79-DB09-4353-AA8A-882C63926E3B}.Debug|Any CPU.ActiveCfg = Debug|Any CPU
		{C30FFC79-DB09-4353-AA8A-882C63926E3B}.Debug|Any CPU.Build.0 = Debug|Any CPU
		{C30FFC79-DB09-4353-AA8A-882C63926E3B}.Debug|x64.ActiveCfg = Debug|Any CPU
		{C30FFC79-DB09-4353-AA8A-882C63926E3B}.Debug|x64.Build.0 = Debug|Any CPU
		{C30FFC79-DB09-4353-AA8A-882C63926E3B}.Debug|x86.ActiveCfg = Debug|Any CPU
		{C30FFC79-DB09-4353-AA8A-882C63926E3B}.Debug|x86.Build.0 = Debug|Any CPU
		{C30FFC79-DB09-4353-AA8A-882C63926E3B}.Release|Any CPU.ActiveCfg = Release|Any CPU
		{C30FFC79-DB09-4353-AA8A-882C63926E3B}.Release|Any CPU.Build.0 = Release|Any CPU
		{C30FFC79-DB09-4353-AA8A-882C63926E3B}.Release|x64.ActiveCfg = Release|Any CPU
		{C30FFC79-DB09-4353-AA8A-882C63926E3B}.Release|x64.Build.0 = Release|Any CPU
		{C30FFC79-DB09-4353-AA8A-882C63926E3B}.Release|x86.ActiveCfg = Release|Any CPU
		{C30FFC79-DB09-4353-AA8A-882C63926E3B}.Release|x86.Build.0 = Release|Any CPU
		{BCA5974D-05CE-4DBC-BBD0-600594C448AD}.Debug|Any CPU.ActiveCfg = Debug|Any CPU
		{BCA5974D-05CE-4DBC-BBD0-600594C448AD}.Debug|Any CPU.Build.0 = Debug|Any CPU
		{BCA5974D-05CE-4DBC-BBD0-600594C448AD}.Debug|x64.ActiveCfg = Debug|Any CPU
		{BCA5974D-05CE-4DBC-BBD0-600594C448AD}.Debug|x64.Build.0 = Debug|Any CPU
		{BCA5974D-05CE-4DBC-BBD0-600594C448AD}.Debug|x86.ActiveCfg = Debug|Any CPU
		{BCA5974D-05CE-4DBC-BBD0-600594C448AD}.Debug|x86.Build.0 = Debug|Any CPU
		{BCA5974D-05CE-4DBC-BBD0-600594C448AD}.Release|Any CPU.ActiveCfg = Release|Any CPU
		{BCA5974D-05CE-4DBC-BBD0-600594C448AD}.Release|Any CPU.Build.0 = Release|Any CPU
		{BCA5974D-05CE-4DBC-BBD0-600594C448AD}.Release|x64.ActiveCfg = Release|Any CPU
		{BCA5974D-05CE-4DBC-BBD0-600594C448AD}.Release|x64.Build.0 = Release|Any CPU
		{BCA5974D-05CE-4DBC-BBD0-600594C448AD}.Release|x86.ActiveCfg = Release|Any CPU
		{BCA5974D-05CE-4DBC-BBD0-600594C448AD}.Release|x86.Build.0 = Release|Any CPU
		{EA138294-7384-4215-9BA5-8E1FC9FC3F6B}.Debug|Any CPU.ActiveCfg = Debug|Any CPU
		{EA138294-7384-4215-9BA5-8E1FC9FC3F6B}.Debug|Any CPU.Build.0 = Debug|Any CPU
		{EA138294-7384-4215-9BA5-8E1FC9FC3F6B}.Debug|x64.ActiveCfg = Debug|Any CPU
		{EA138294-7384-4215-9BA5-8E1FC9FC3F6B}.Debug|x64.Build.0 = Debug|Any CPU
		{EA138294-7384-4215-9BA5-8E1FC9FC3F6B}.Debug|x86.ActiveCfg = Debug|Any CPU
		{EA138294-7384-4215-9BA5-8E1FC9FC3F6B}.Debug|x86.Build.0 = Debug|Any CPU
		{EA138294-7384-4215-9BA5-8E1FC9FC3F6B}.Release|Any CPU.ActiveCfg = Release|Any CPU
		{EA138294-7384-4215-9BA5-8E1FC9FC3F6B}.Release|Any CPU.Build.0 = Release|Any CPU
		{EA138294-7384-4215-9BA5-8E1FC9FC3F6B}.Release|x64.ActiveCfg = Release|Any CPU
		{EA138294-7384-4215-9BA5-8E1FC9FC3F6B}.Release|x64.Build.0 = Release|Any CPU
		{EA138294-7384-4215-9BA5-8E1FC9FC3F6B}.Release|x86.ActiveCfg = Release|Any CPU
		{EA138294-7384-4215-9BA5-8E1FC9FC3F6B}.Release|x86.Build.0 = Release|Any CPU
		{8DD9B6C7-90F7-47FF-96CB-166EF16523BA}.Debug|Any CPU.ActiveCfg = Debug|Any CPU
		{8DD9B6C7-90F7-47FF-96CB-166EF16523BA}.Debug|Any CPU.Build.0 = Debug|Any CPU
		{8DD9B6C7-90F7-47FF-96CB-166EF16523BA}.Debug|x64.ActiveCfg = Debug|Any CPU
		{8DD9B6C7-90F7-47FF-96CB-166EF16523BA}.Debug|x64.Build.0 = Debug|Any CPU
		{8DD9B6C7-90F7-47FF-96CB-166EF16523BA}.Debug|x86.ActiveCfg = Debug|Any CPU
		{8DD9B6C7-90F7-47FF-96CB-166EF16523BA}.Debug|x86.Build.0 = Debug|Any CPU
		{8DD9B6C7-90F7-47FF-96CB-166EF16523BA}.Release|Any CPU.ActiveCfg = Release|Any CPU
		{8DD9B6C7-90F7-47FF-96CB-166EF16523BA}.Release|Any CPU.Build.0 = Release|Any CPU
		{8DD9B6C7-90F7-47FF-96CB-166EF16523BA}.Release|x64.ActiveCfg = Release|Any CPU
		{8DD9B6C7-90F7-47FF-96CB-166EF16523BA}.Release|x64.Build.0 = Release|Any CPU
		{8DD9B6C7-90F7-47FF-96CB-166EF16523BA}.Release|x86.ActiveCfg = Release|Any CPU
		{8DD9B6C7-90F7-47FF-96CB-166EF16523BA}.Release|x86.Build.0 = Release|Any CPU
		{0B0359E4-7615-4F92-81C7-DBFF7E9A7C98}.Debug|Any CPU.ActiveCfg = Debug|Any CPU
		{0B0359E4-7615-4F92-81C7-DBFF7E9A7C98}.Debug|Any CPU.Build.0 = Debug|Any CPU
		{0B0359E4-7615-4F92-81C7-DBFF7E9A7C98}.Debug|x64.ActiveCfg = Debug|Any CPU
		{0B0359E4-7615-4F92-81C7-DBFF7E9A7C98}.Debug|x64.Build.0 = Debug|Any CPU
		{0B0359E4-7615-4F92-81C7-DBFF7E9A7C98}.Debug|x86.ActiveCfg = Debug|Any CPU
		{0B0359E4-7615-4F92-81C7-DBFF7E9A7C98}.Debug|x86.Build.0 = Debug|Any CPU
		{0B0359E4-7615-4F92-81C7-DBFF7E9A7C98}.Release|Any CPU.ActiveCfg = Release|Any CPU
		{0B0359E4-7615-4F92-81C7-DBFF7E9A7C98}.Release|Any CPU.Build.0 = Release|Any CPU
		{0B0359E4-7615-4F92-81C7-DBFF7E9A7C98}.Release|x64.ActiveCfg = Release|Any CPU
		{0B0359E4-7615-4F92-81C7-DBFF7E9A7C98}.Release|x64.Build.0 = Release|Any CPU
		{0B0359E4-7615-4F92-81C7-DBFF7E9A7C98}.Release|x86.ActiveCfg = Release|Any CPU
		{0B0359E4-7615-4F92-81C7-DBFF7E9A7C98}.Release|x86.Build.0 = Release|Any CPU
		{26540412-BB7F-49C2-BD30-3EC553A9D94F}.Debug|Any CPU.ActiveCfg = Debug|Any CPU
		{26540412-BB7F-49C2-BD30-3EC553A9D94F}.Debug|Any CPU.Build.0 = Debug|Any CPU
		{26540412-BB7F-49C2-BD30-3EC553A9D94F}.Debug|x64.ActiveCfg = Debug|Any CPU
		{26540412-BB7F-49C2-BD30-3EC553A9D94F}.Debug|x64.Build.0 = Debug|Any CPU
		{26540412-BB7F-49C2-BD30-3EC553A9D94F}.Debug|x86.ActiveCfg = Debug|Any CPU
		{26540412-BB7F-49C2-BD30-3EC553A9D94F}.Debug|x86.Build.0 = Debug|Any CPU
		{26540412-BB7F-49C2-BD30-3EC553A9D94F}.Release|Any CPU.ActiveCfg = Release|Any CPU
		{26540412-BB7F-49C2-BD30-3EC553A9D94F}.Release|Any CPU.Build.0 = Release|Any CPU
		{26540412-BB7F-49C2-BD30-3EC553A9D94F}.Release|x64.ActiveCfg = Release|Any CPU
		{26540412-BB7F-49C2-BD30-3EC553A9D94F}.Release|x64.Build.0 = Release|Any CPU
		{26540412-BB7F-49C2-BD30-3EC553A9D94F}.Release|x86.ActiveCfg = Release|Any CPU
		{26540412-BB7F-49C2-BD30-3EC553A9D94F}.Release|x86.Build.0 = Release|Any CPU
		{6C6EFEA9-30AB-4296-A325-7EBFC0B1BD64}.Debug|Any CPU.ActiveCfg = Debug|Any CPU
		{6C6EFEA9-30AB-4296-A325-7EBFC0B1BD64}.Debug|Any CPU.Build.0 = Debug|Any CPU
		{6C6EFEA9-30AB-4296-A325-7EBFC0B1BD64}.Debug|x64.ActiveCfg = Debug|Any CPU
		{6C6EFEA9-30AB-4296-A325-7EBFC0B1BD64}.Debug|x64.Build.0 = Debug|Any CPU
		{6C6EFEA9-30AB-4296-A325-7EBFC0B1BD64}.Debug|x86.ActiveCfg = Debug|Any CPU
		{6C6EFEA9-30AB-4296-A325-7EBFC0B1BD64}.Debug|x86.Build.0 = Debug|Any CPU
		{6C6EFEA9-30AB-4296-A325-7EBFC0B1BD64}.Release|Any CPU.ActiveCfg = Release|Any CPU
		{6C6EFEA9-30AB-4296-A325-7EBFC0B1BD64}.Release|Any CPU.Build.0 = Release|Any CPU
		{6C6EFEA9-30AB-4296-A325-7EBFC0B1BD64}.Release|x64.ActiveCfg = Release|Any CPU
		{6C6EFEA9-30AB-4296-A325-7EBFC0B1BD64}.Release|x64.Build.0 = Release|Any CPU
		{6C6EFEA9-30AB-4296-A325-7EBFC0B1BD64}.Release|x86.ActiveCfg = Release|Any CPU
		{6C6EFEA9-30AB-4296-A325-7EBFC0B1BD64}.Release|x86.Build.0 = Release|Any CPU
		{2DFB84E9-4B35-4CBE-9D3C-54F567689426}.Debug|Any CPU.ActiveCfg = Debug|Any CPU
		{2DFB84E9-4B35-4CBE-9D3C-54F567689426}.Debug|Any CPU.Build.0 = Debug|Any CPU
		{2DFB84E9-4B35-4CBE-9D3C-54F567689426}.Debug|x64.ActiveCfg = Debug|Any CPU
		{2DFB84E9-4B35-4CBE-9D3C-54F567689426}.Debug|x64.Build.0 = Debug|Any CPU
		{2DFB84E9-4B35-4CBE-9D3C-54F567689426}.Debug|x86.ActiveCfg = Debug|Any CPU
		{2DFB84E9-4B35-4CBE-9D3C-54F567689426}.Debug|x86.Build.0 = Debug|Any CPU
		{2DFB84E9-4B35-4CBE-9D3C-54F567689426}.Release|Any CPU.ActiveCfg = Release|Any CPU
		{2DFB84E9-4B35-4CBE-9D3C-54F567689426}.Release|Any CPU.Build.0 = Release|Any CPU
		{2DFB84E9-4B35-4CBE-9D3C-54F567689426}.Release|x64.ActiveCfg = Release|Any CPU
		{2DFB84E9-4B35-4CBE-9D3C-54F567689426}.Release|x64.Build.0 = Release|Any CPU
		{2DFB84E9-4B35-4CBE-9D3C-54F567689426}.Release|x86.ActiveCfg = Release|Any CPU
		{2DFB84E9-4B35-4CBE-9D3C-54F567689426}.Release|x86.Build.0 = Release|Any CPU
		{1068D076-44F0-4961-8D30-9922E6D9C689}.Debug|Any CPU.ActiveCfg = Debug|Any CPU
		{1068D076-44F0-4961-8D30-9922E6D9C689}.Debug|Any CPU.Build.0 = Debug|Any CPU
		{1068D076-44F0-4961-8D30-9922E6D9C689}.Debug|x64.ActiveCfg = Debug|Any CPU
		{1068D076-44F0-4961-8D30-9922E6D9C689}.Debug|x64.Build.0 = Debug|Any CPU
		{1068D076-44F0-4961-8D30-9922E6D9C689}.Debug|x86.ActiveCfg = Debug|Any CPU
		{1068D076-44F0-4961-8D30-9922E6D9C689}.Debug|x86.Build.0 = Debug|Any CPU
		{1068D076-44F0-4961-8D30-9922E6D9C689}.Release|Any CPU.ActiveCfg = Release|Any CPU
		{1068D076-44F0-4961-8D30-9922E6D9C689}.Release|Any CPU.Build.0 = Release|Any CPU
		{1068D076-44F0-4961-8D30-9922E6D9C689}.Release|x64.ActiveCfg = Release|Any CPU
		{1068D076-44F0-4961-8D30-9922E6D9C689}.Release|x64.Build.0 = Release|Any CPU
		{1068D076-44F0-4961-8D30-9922E6D9C689}.Release|x86.ActiveCfg = Release|Any CPU
		{1068D076-44F0-4961-8D30-9922E6D9C689}.Release|x86.Build.0 = Release|Any CPU
		{75129DCD-9016-4355-8594-14A8A4860B36}.Debug|Any CPU.ActiveCfg = Debug|Any CPU
		{75129DCD-9016-4355-8594-14A8A4860B36}.Debug|Any CPU.Build.0 = Debug|Any CPU
		{75129DCD-9016-4355-8594-14A8A4860B36}.Debug|x64.ActiveCfg = Debug|Any CPU
		{75129DCD-9016-4355-8594-14A8A4860B36}.Debug|x64.Build.0 = Debug|Any CPU
		{75129DCD-9016-4355-8594-14A8A4860B36}.Debug|x86.ActiveCfg = Debug|Any CPU
		{75129DCD-9016-4355-8594-14A8A4860B36}.Debug|x86.Build.0 = Debug|Any CPU
		{75129DCD-9016-4355-8594-14A8A4860B36}.Release|Any CPU.ActiveCfg = Release|Any CPU
		{75129DCD-9016-4355-8594-14A8A4860B36}.Release|Any CPU.Build.0 = Release|Any CPU
		{75129DCD-9016-4355-8594-14A8A4860B36}.Release|x64.ActiveCfg = Release|Any CPU
		{75129DCD-9016-4355-8594-14A8A4860B36}.Release|x64.Build.0 = Release|Any CPU
		{75129DCD-9016-4355-8594-14A8A4860B36}.Release|x86.ActiveCfg = Release|Any CPU
		{75129DCD-9016-4355-8594-14A8A4860B36}.Release|x86.Build.0 = Release|Any CPU
		{BD3B6A28-E9F8-4E7F-A092-60F0F41B19D6}.Debug|Any CPU.ActiveCfg = Debug|Any CPU
		{BD3B6A28-E9F8-4E7F-A092-60F0F41B19D6}.Debug|Any CPU.Build.0 = Debug|Any CPU
		{BD3B6A28-E9F8-4E7F-A092-60F0F41B19D6}.Debug|x64.ActiveCfg = Debug|Any CPU
		{BD3B6A28-E9F8-4E7F-A092-60F0F41B19D6}.Debug|x64.Build.0 = Debug|Any CPU
		{BD3B6A28-E9F8-4E7F-A092-60F0F41B19D6}.Debug|x86.ActiveCfg = Debug|Any CPU
		{BD3B6A28-E9F8-4E7F-A092-60F0F41B19D6}.Debug|x86.Build.0 = Debug|Any CPU
		{BD3B6A28-E9F8-4E7F-A092-60F0F41B19D6}.Release|Any CPU.ActiveCfg = Release|Any CPU
		{BD3B6A28-E9F8-4E7F-A092-60F0F41B19D6}.Release|Any CPU.Build.0 = Release|Any CPU
		{BD3B6A28-E9F8-4E7F-A092-60F0F41B19D6}.Release|x64.ActiveCfg = Release|Any CPU
		{BD3B6A28-E9F8-4E7F-A092-60F0F41B19D6}.Release|x64.Build.0 = Release|Any CPU
		{BD3B6A28-E9F8-4E7F-A092-60F0F41B19D6}.Release|x86.ActiveCfg = Release|Any CPU
		{BD3B6A28-E9F8-4E7F-A092-60F0F41B19D6}.Release|x86.Build.0 = Release|Any CPU
		{3B9B9211-4C16-4524-BC41-6BB19DF2AC9D}.Debug|Any CPU.ActiveCfg = Debug|Any CPU
		{3B9B9211-4C16-4524-BC41-6BB19DF2AC9D}.Debug|Any CPU.Build.0 = Debug|Any CPU
		{3B9B9211-4C16-4524-BC41-6BB19DF2AC9D}.Debug|x64.ActiveCfg = Debug|Any CPU
		{3B9B9211-4C16-4524-BC41-6BB19DF2AC9D}.Debug|x64.Build.0 = Debug|Any CPU
		{3B9B9211-4C16-4524-BC41-6BB19DF2AC9D}.Debug|x86.ActiveCfg = Debug|Any CPU
		{3B9B9211-4C16-4524-BC41-6BB19DF2AC9D}.Debug|x86.Build.0 = Debug|Any CPU
		{3B9B9211-4C16-4524-BC41-6BB19DF2AC9D}.Release|Any CPU.ActiveCfg = Release|Any CPU
		{3B9B9211-4C16-4524-BC41-6BB19DF2AC9D}.Release|Any CPU.Build.0 = Release|Any CPU
		{3B9B9211-4C16-4524-BC41-6BB19DF2AC9D}.Release|x64.ActiveCfg = Release|Any CPU
		{3B9B9211-4C16-4524-BC41-6BB19DF2AC9D}.Release|x64.Build.0 = Release|Any CPU
		{3B9B9211-4C16-4524-BC41-6BB19DF2AC9D}.Release|x86.ActiveCfg = Release|Any CPU
		{3B9B9211-4C16-4524-BC41-6BB19DF2AC9D}.Release|x86.Build.0 = Release|Any CPU
		{662A73B9-2A39-433D-9ADB-B4AA3B5124E2}.Debug|Any CPU.ActiveCfg = Debug|Any CPU
		{662A73B9-2A39-433D-9ADB-B4AA3B5124E2}.Debug|Any CPU.Build.0 = Debug|Any CPU
		{662A73B9-2A39-433D-9ADB-B4AA3B5124E2}.Debug|x64.ActiveCfg = Debug|Any CPU
		{662A73B9-2A39-433D-9ADB-B4AA3B5124E2}.Debug|x64.Build.0 = Debug|Any CPU
		{662A73B9-2A39-433D-9ADB-B4AA3B5124E2}.Debug|x86.ActiveCfg = Debug|Any CPU
		{662A73B9-2A39-433D-9ADB-B4AA3B5124E2}.Debug|x86.Build.0 = Debug|Any CPU
		{662A73B9-2A39-433D-9ADB-B4AA3B5124E2}.Release|Any CPU.ActiveCfg = Release|Any CPU
		{662A73B9-2A39-433D-9ADB-B4AA3B5124E2}.Release|Any CPU.Build.0 = Release|Any CPU
		{662A73B9-2A39-433D-9ADB-B4AA3B5124E2}.Release|x64.ActiveCfg = Release|Any CPU
		{662A73B9-2A39-433D-9ADB-B4AA3B5124E2}.Release|x64.Build.0 = Release|Any CPU
		{662A73B9-2A39-433D-9ADB-B4AA3B5124E2}.Release|x86.ActiveCfg = Release|Any CPU
		{662A73B9-2A39-433D-9ADB-B4AA3B5124E2}.Release|x86.Build.0 = Release|Any CPU
		{6ACBD1C5-812D-49CE-92BF-01CC46330200}.Debug|Any CPU.ActiveCfg = Debug|Any CPU
		{6ACBD1C5-812D-49CE-92BF-01CC46330200}.Debug|Any CPU.Build.0 = Debug|Any CPU
		{6ACBD1C5-812D-49CE-92BF-01CC46330200}.Debug|x64.ActiveCfg = Debug|Any CPU
		{6ACBD1C5-812D-49CE-92BF-01CC46330200}.Debug|x64.Build.0 = Debug|Any CPU
		{6ACBD1C5-812D-49CE-92BF-01CC46330200}.Debug|x86.ActiveCfg = Debug|Any CPU
		{6ACBD1C5-812D-49CE-92BF-01CC46330200}.Debug|x86.Build.0 = Debug|Any CPU
		{6ACBD1C5-812D-49CE-92BF-01CC46330200}.Release|Any CPU.ActiveCfg = Release|Any CPU
		{6ACBD1C5-812D-49CE-92BF-01CC46330200}.Release|Any CPU.Build.0 = Release|Any CPU
		{6ACBD1C5-812D-49CE-92BF-01CC46330200}.Release|x64.ActiveCfg = Release|Any CPU
		{6ACBD1C5-812D-49CE-92BF-01CC46330200}.Release|x64.Build.0 = Release|Any CPU
		{6ACBD1C5-812D-49CE-92BF-01CC46330200}.Release|x86.ActiveCfg = Release|Any CPU
		{6ACBD1C5-812D-49CE-92BF-01CC46330200}.Release|x86.Build.0 = Release|Any CPU
		{A78C41D2-CEF1-4DBC-9AF1-B3A49DF5BE9B}.Debug|Any CPU.ActiveCfg = Debug|Any CPU
		{A78C41D2-CEF1-4DBC-9AF1-B3A49DF5BE9B}.Debug|Any CPU.Build.0 = Debug|Any CPU
		{A78C41D2-CEF1-4DBC-9AF1-B3A49DF5BE9B}.Debug|x64.ActiveCfg = Debug|Any CPU
		{A78C41D2-CEF1-4DBC-9AF1-B3A49DF5BE9B}.Debug|x64.Build.0 = Debug|Any CPU
		{A78C41D2-CEF1-4DBC-9AF1-B3A49DF5BE9B}.Debug|x86.ActiveCfg = Debug|Any CPU
		{A78C41D2-CEF1-4DBC-9AF1-B3A49DF5BE9B}.Debug|x86.Build.0 = Debug|Any CPU
		{A78C41D2-CEF1-4DBC-9AF1-B3A49DF5BE9B}.Release|Any CPU.ActiveCfg = Release|Any CPU
		{A78C41D2-CEF1-4DBC-9AF1-B3A49DF5BE9B}.Release|Any CPU.Build.0 = Release|Any CPU
		{A78C41D2-CEF1-4DBC-9AF1-B3A49DF5BE9B}.Release|x64.ActiveCfg = Release|Any CPU
		{A78C41D2-CEF1-4DBC-9AF1-B3A49DF5BE9B}.Release|x64.Build.0 = Release|Any CPU
		{A78C41D2-CEF1-4DBC-9AF1-B3A49DF5BE9B}.Release|x86.ActiveCfg = Release|Any CPU
		{A78C41D2-CEF1-4DBC-9AF1-B3A49DF5BE9B}.Release|x86.Build.0 = Release|Any CPU
		{6F205FD6-09A0-407E-B510-6277E53A19B6}.Debug|Any CPU.ActiveCfg = Debug|Any CPU
		{6F205FD6-09A0-407E-B510-6277E53A19B6}.Debug|Any CPU.Build.0 = Debug|Any CPU
		{6F205FD6-09A0-407E-B510-6277E53A19B6}.Debug|x64.ActiveCfg = Debug|Any CPU
		{6F205FD6-09A0-407E-B510-6277E53A19B6}.Debug|x64.Build.0 = Debug|Any CPU
		{6F205FD6-09A0-407E-B510-6277E53A19B6}.Debug|x86.ActiveCfg = Debug|Any CPU
		{6F205FD6-09A0-407E-B510-6277E53A19B6}.Debug|x86.Build.0 = Debug|Any CPU
		{6F205FD6-09A0-407E-B510-6277E53A19B6}.Release|Any CPU.ActiveCfg = Release|Any CPU
		{6F205FD6-09A0-407E-B510-6277E53A19B6}.Release|Any CPU.Build.0 = Release|Any CPU
		{6F205FD6-09A0-407E-B510-6277E53A19B6}.Release|x64.ActiveCfg = Release|Any CPU
		{6F205FD6-09A0-407E-B510-6277E53A19B6}.Release|x64.Build.0 = Release|Any CPU
		{6F205FD6-09A0-407E-B510-6277E53A19B6}.Release|x86.ActiveCfg = Release|Any CPU
		{6F205FD6-09A0-407E-B510-6277E53A19B6}.Release|x86.Build.0 = Release|Any CPU
		{B830BDF8-A035-45A4-BB2A-158E49684349}.Debug|Any CPU.ActiveCfg = Debug|Any CPU
		{B830BDF8-A035-45A4-BB2A-158E49684349}.Debug|Any CPU.Build.0 = Debug|Any CPU
		{B830BDF8-A035-45A4-BB2A-158E49684349}.Debug|x64.ActiveCfg = Debug|Any CPU
		{B830BDF8-A035-45A4-BB2A-158E49684349}.Debug|x64.Build.0 = Debug|Any CPU
		{B830BDF8-A035-45A4-BB2A-158E49684349}.Debug|x86.ActiveCfg = Debug|Any CPU
		{B830BDF8-A035-45A4-BB2A-158E49684349}.Debug|x86.Build.0 = Debug|Any CPU
		{B830BDF8-A035-45A4-BB2A-158E49684349}.Release|Any CPU.ActiveCfg = Release|Any CPU
		{B830BDF8-A035-45A4-BB2A-158E49684349}.Release|Any CPU.Build.0 = Release|Any CPU
		{B830BDF8-A035-45A4-BB2A-158E49684349}.Release|x64.ActiveCfg = Release|Any CPU
		{B830BDF8-A035-45A4-BB2A-158E49684349}.Release|x64.Build.0 = Release|Any CPU
		{B830BDF8-A035-45A4-BB2A-158E49684349}.Release|x86.ActiveCfg = Release|Any CPU
		{B830BDF8-A035-45A4-BB2A-158E49684349}.Release|x86.Build.0 = Release|Any CPU
		{E205804B-1A6F-4DD9-B971-B7899E73CC1A}.Debug|Any CPU.ActiveCfg = Debug|Any CPU
		{E205804B-1A6F-4DD9-B971-B7899E73CC1A}.Debug|Any CPU.Build.0 = Debug|Any CPU
		{E205804B-1A6F-4DD9-B971-B7899E73CC1A}.Debug|x64.ActiveCfg = Debug|Any CPU
		{E205804B-1A6F-4DD9-B971-B7899E73CC1A}.Debug|x64.Build.0 = Debug|Any CPU
		{E205804B-1A6F-4DD9-B971-B7899E73CC1A}.Debug|x86.ActiveCfg = Debug|Any CPU
		{E205804B-1A6F-4DD9-B971-B7899E73CC1A}.Debug|x86.Build.0 = Debug|Any CPU
		{E205804B-1A6F-4DD9-B971-B7899E73CC1A}.Release|Any CPU.ActiveCfg = Release|Any CPU
		{E205804B-1A6F-4DD9-B971-B7899E73CC1A}.Release|Any CPU.Build.0 = Release|Any CPU
		{E205804B-1A6F-4DD9-B971-B7899E73CC1A}.Release|x64.ActiveCfg = Release|Any CPU
		{E205804B-1A6F-4DD9-B971-B7899E73CC1A}.Release|x64.Build.0 = Release|Any CPU
		{E205804B-1A6F-4DD9-B971-B7899E73CC1A}.Release|x86.ActiveCfg = Release|Any CPU
		{E205804B-1A6F-4DD9-B971-B7899E73CC1A}.Release|x86.Build.0 = Release|Any CPU
		{DDB41DBC-D8EB-4D0B-8EC7-8D1C3D44615A}.Debug|Any CPU.ActiveCfg = Debug|Any CPU
		{DDB41DBC-D8EB-4D0B-8EC7-8D1C3D44615A}.Debug|Any CPU.Build.0 = Debug|Any CPU
		{DDB41DBC-D8EB-4D0B-8EC7-8D1C3D44615A}.Debug|x64.ActiveCfg = Debug|Any CPU
		{DDB41DBC-D8EB-4D0B-8EC7-8D1C3D44615A}.Debug|x64.Build.0 = Debug|Any CPU
		{DDB41DBC-D8EB-4D0B-8EC7-8D1C3D44615A}.Debug|x86.ActiveCfg = Debug|Any CPU
		{DDB41DBC-D8EB-4D0B-8EC7-8D1C3D44615A}.Debug|x86.Build.0 = Debug|Any CPU
		{DDB41DBC-D8EB-4D0B-8EC7-8D1C3D44615A}.Release|Any CPU.ActiveCfg = Release|Any CPU
		{DDB41DBC-D8EB-4D0B-8EC7-8D1C3D44615A}.Release|Any CPU.Build.0 = Release|Any CPU
		{DDB41DBC-D8EB-4D0B-8EC7-8D1C3D44615A}.Release|x64.ActiveCfg = Release|Any CPU
		{DDB41DBC-D8EB-4D0B-8EC7-8D1C3D44615A}.Release|x64.Build.0 = Release|Any CPU
		{DDB41DBC-D8EB-4D0B-8EC7-8D1C3D44615A}.Release|x86.ActiveCfg = Release|Any CPU
		{DDB41DBC-D8EB-4D0B-8EC7-8D1C3D44615A}.Release|x86.Build.0 = Release|Any CPU
		{5FA8C66E-5BC1-4445-AFCA-65EBDD1E7B93}.Debug|Any CPU.ActiveCfg = Debug|Any CPU
		{5FA8C66E-5BC1-4445-AFCA-65EBDD1E7B93}.Debug|Any CPU.Build.0 = Debug|Any CPU
		{5FA8C66E-5BC1-4445-AFCA-65EBDD1E7B93}.Debug|x64.ActiveCfg = Debug|Any CPU
		{5FA8C66E-5BC1-4445-AFCA-65EBDD1E7B93}.Debug|x64.Build.0 = Debug|Any CPU
		{5FA8C66E-5BC1-4445-AFCA-65EBDD1E7B93}.Debug|x86.ActiveCfg = Debug|Any CPU
		{5FA8C66E-5BC1-4445-AFCA-65EBDD1E7B93}.Debug|x86.Build.0 = Debug|Any CPU
		{5FA8C66E-5BC1-4445-AFCA-65EBDD1E7B93}.Release|Any CPU.ActiveCfg = Release|Any CPU
		{5FA8C66E-5BC1-4445-AFCA-65EBDD1E7B93}.Release|Any CPU.Build.0 = Release|Any CPU
		{5FA8C66E-5BC1-4445-AFCA-65EBDD1E7B93}.Release|x64.ActiveCfg = Release|Any CPU
		{5FA8C66E-5BC1-4445-AFCA-65EBDD1E7B93}.Release|x64.Build.0 = Release|Any CPU
		{5FA8C66E-5BC1-4445-AFCA-65EBDD1E7B93}.Release|x86.ActiveCfg = Release|Any CPU
		{5FA8C66E-5BC1-4445-AFCA-65EBDD1E7B93}.Release|x86.Build.0 = Release|Any CPU
		{0F910CB1-504F-4C0C-9EE6-4242A348A69D}.Debug|Any CPU.ActiveCfg = Debug|Any CPU
		{0F910CB1-504F-4C0C-9EE6-4242A348A69D}.Debug|Any CPU.Build.0 = Debug|Any CPU
		{0F910CB1-504F-4C0C-9EE6-4242A348A69D}.Debug|x64.ActiveCfg = Debug|Any CPU
		{0F910CB1-504F-4C0C-9EE6-4242A348A69D}.Debug|x64.Build.0 = Debug|Any CPU
		{0F910CB1-504F-4C0C-9EE6-4242A348A69D}.Debug|x86.ActiveCfg = Debug|Any CPU
		{0F910CB1-504F-4C0C-9EE6-4242A348A69D}.Debug|x86.Build.0 = Debug|Any CPU
		{0F910CB1-504F-4C0C-9EE6-4242A348A69D}.Release|Any CPU.ActiveCfg = Release|Any CPU
		{0F910CB1-504F-4C0C-9EE6-4242A348A69D}.Release|Any CPU.Build.0 = Release|Any CPU
		{0F910CB1-504F-4C0C-9EE6-4242A348A69D}.Release|x64.ActiveCfg = Release|Any CPU
		{0F910CB1-504F-4C0C-9EE6-4242A348A69D}.Release|x64.Build.0 = Release|Any CPU
		{0F910CB1-504F-4C0C-9EE6-4242A348A69D}.Release|x86.ActiveCfg = Release|Any CPU
		{0F910CB1-504F-4C0C-9EE6-4242A348A69D}.Release|x86.Build.0 = Release|Any CPU
	EndGlobalSection
	GlobalSection(SolutionProperties) = preSolution
		HideSolutionNode = FALSE
	EndGlobalSection
	GlobalSection(NestedProjects) = preSolution
		{AFC3BAB5-D898-4ED0-964B-39FCBF6AB813} = {974DCDF5-5216-48D7-9FFD-EE866C9BD914}
		{885C8355-B8F8-43BF-BD12-8989CC62C717} = {974DCDF5-5216-48D7-9FFD-EE866C9BD914}
		{A27848DE-DEA9-4056-B1AA-79AAFFF879A7} = {974DCDF5-5216-48D7-9FFD-EE866C9BD914}
		{88A04799-E71E-4076-AD53-EA65A93787CF} = {974DCDF5-5216-48D7-9FFD-EE866C9BD914}
		{55DA692A-1327-4381-94EE-473F9DFF03D9} = {974DCDF5-5216-48D7-9FFD-EE866C9BD914}
		{73AA6A9E-D603-4E5A-9284-F84F073D9486} = {974DCDF5-5216-48D7-9FFD-EE866C9BD914}
		{8A1D9CB2-BEC7-40D3-A402-2365676236FF} = {974DCDF5-5216-48D7-9FFD-EE866C9BD914}
		{EE6D5598-9034-48D4-99E3-0FE8B5203796} = {974DCDF5-5216-48D7-9FFD-EE866C9BD914}
		{CC86D5CE-AEDC-46DA-A5BB-EECF0962B45B} = {974DCDF5-5216-48D7-9FFD-EE866C9BD914}
		{07DD1B6F-9BF6-4EF5-93FB-FAD2AF13794F} = {974DCDF5-5216-48D7-9FFD-EE866C9BD914}
		{72FF1D39-5813-4468-8B58-B7EE720CDD45} = {974DCDF5-5216-48D7-9FFD-EE866C9BD914}
		{7D9ABC05-73DA-4914-9734-7B2DB4C94936} = {974DCDF5-5216-48D7-9FFD-EE866C9BD914}
		{ED2D2B3B-6B54-451F-BD01-E36AEF70F4D3} = {974DCDF5-5216-48D7-9FFD-EE866C9BD914}
		{359BBFD5-780E-412B-9071-37E37E913D82} = {974DCDF5-5216-48D7-9FFD-EE866C9BD914}
		{0AB030AF-AB00-4932-B34F-50B96EB91896} = {974DCDF5-5216-48D7-9FFD-EE866C9BD914}
		{6F4CE617-A7F8-4ED8-A721-58C72B2CF068} = {974DCDF5-5216-48D7-9FFD-EE866C9BD914}
		{EE715AB8-79CC-4200-A739-162B08A88DB9} = {974DCDF5-5216-48D7-9FFD-EE866C9BD914}
		{8B9C01AE-D394-49FF-A2B9-B391D6A1B84D} = {974DCDF5-5216-48D7-9FFD-EE866C9BD914}
		{468B1A32-D541-4C65-A7C1-F42481FA6DF0} = {974DCDF5-5216-48D7-9FFD-EE866C9BD914}
		{B78E73F3-C0F2-4DFB-9FE6-9996114A75A3} = {974DCDF5-5216-48D7-9FFD-EE866C9BD914}
		{2031BB2A-6208-4149-8A0B-FCD076127E86} = {974DCDF5-5216-48D7-9FFD-EE866C9BD914}
		{0D8BCBDF-9FED-459C-ACD4-F41657EF4BC2} = {974DCDF5-5216-48D7-9FFD-EE866C9BD914}
		{74EDBD6E-ECDB-4FD2-BE98-377A2A4DF547} = {974DCDF5-5216-48D7-9FFD-EE866C9BD914}
		{854C8EFC-0106-4030-99D6-833C8C96515A} = {974DCDF5-5216-48D7-9FFD-EE866C9BD914}
		{BD0BAC7E-ED45-4EBF-A844-62B507C091A1} = {974DCDF5-5216-48D7-9FFD-EE866C9BD914}
		{74115F42-1DDC-4F11-8358-5E9F893315E2} = {974DCDF5-5216-48D7-9FFD-EE866C9BD914}
		{46347B5E-4618-4BB6-8CB2-993CE0001CCB} = {974DCDF5-5216-48D7-9FFD-EE866C9BD914}
		{81EDE4C3-05DC-4096-BC83-6517C4F63D48} = {974DCDF5-5216-48D7-9FFD-EE866C9BD914}
		{03436F5B-610A-4A0B-A23D-DB72A38A3236} = {974DCDF5-5216-48D7-9FFD-EE866C9BD914}
		{BB6E917B-D892-46D9-B07C-1AE4E5017222} = {974DCDF5-5216-48D7-9FFD-EE866C9BD914}
		{EB9BE095-5AD2-487B-B9E1-394E69B0C4B0} = {974DCDF5-5216-48D7-9FFD-EE866C9BD914}
		{E670637F-4C7B-41D6-A65E-178E1C71F8FE} = {974DCDF5-5216-48D7-9FFD-EE866C9BD914}
		{31D4C7E5-5A09-4C95-B5C8-BFDAF928A2CC} = {974DCDF5-5216-48D7-9FFD-EE866C9BD914}
		{73DBCC32-DA0A-4518-9411-B6314268A818} = {974DCDF5-5216-48D7-9FFD-EE866C9BD914}
		{C07AB634-1BB9-4CD7-9A99-FF890553B32F} = {974DCDF5-5216-48D7-9FFD-EE866C9BD914}
		{67076EC3-B9DC-4989-85EF-6E22C607B09C} = {974DCDF5-5216-48D7-9FFD-EE866C9BD914}
		{F51A518E-B221-4328-AFCB-76FBC57BB8C2} = {974DCDF5-5216-48D7-9FFD-EE866C9BD914}
		{EED05E5B-3B38-4CA2-A209-FE5F2BB0BBA8} = {974DCDF5-5216-48D7-9FFD-EE866C9BD914}
		{CB3FBD39-A54A-4B53-8534-17061AC6138A} = {974DCDF5-5216-48D7-9FFD-EE866C9BD914}
		{D1E02C78-EC34-4EA0-8B04-B652BA737FF0} = {974DCDF5-5216-48D7-9FFD-EE866C9BD914}
		{0AA034FB-508A-4A02-AEDC-EA7CF6D64906} = {974DCDF5-5216-48D7-9FFD-EE866C9BD914}
		{29F2E92D-AFBA-495C-86C6-246C5C534B99} = {974DCDF5-5216-48D7-9FFD-EE866C9BD914}
		{EF2DA55E-0DEC-4F25-A80C-429FA9871586} = {974DCDF5-5216-48D7-9FFD-EE866C9BD914}
		{1010D0AA-0B32-4AF9-AB3D-948A4C1AE1FF} = {974DCDF5-5216-48D7-9FFD-EE866C9BD914}
		{8C3711A9-4CD5-4B51-90E3-1E14BA500620} = {974DCDF5-5216-48D7-9FFD-EE866C9BD914}
		{B4449AB6-2BAA-4CAB-8E8D-8C5B2CD98F38} = {974DCDF5-5216-48D7-9FFD-EE866C9BD914}
		{3A7A0A1A-B917-420A-B3EE-6AEE53CB0DBB} = {974DCDF5-5216-48D7-9FFD-EE866C9BD914}
		{66B286DC-90CC-416A-B842-679ADDC7D18D} = {974DCDF5-5216-48D7-9FFD-EE866C9BD914}
		{C30FFC79-DB09-4353-AA8A-882C63926E3B} = {974DCDF5-5216-48D7-9FFD-EE866C9BD914}
		{BCA5974D-05CE-4DBC-BBD0-600594C448AD} = {974DCDF5-5216-48D7-9FFD-EE866C9BD914}
		{EA138294-7384-4215-9BA5-8E1FC9FC3F6B} = {974DCDF5-5216-48D7-9FFD-EE866C9BD914}
		{8DD9B6C7-90F7-47FF-96CB-166EF16523BA} = {974DCDF5-5216-48D7-9FFD-EE866C9BD914}
		{0B0359E4-7615-4F92-81C7-DBFF7E9A7C98} = {974DCDF5-5216-48D7-9FFD-EE866C9BD914}
		{26540412-BB7F-49C2-BD30-3EC553A9D94F} = {974DCDF5-5216-48D7-9FFD-EE866C9BD914}
		{6C6EFEA9-30AB-4296-A325-7EBFC0B1BD64} = {974DCDF5-5216-48D7-9FFD-EE866C9BD914}
		{2DFB84E9-4B35-4CBE-9D3C-54F567689426} = {974DCDF5-5216-48D7-9FFD-EE866C9BD914}
		{1068D076-44F0-4961-8D30-9922E6D9C689} = {974DCDF5-5216-48D7-9FFD-EE866C9BD914}
		{75129DCD-9016-4355-8594-14A8A4860B36} = {974DCDF5-5216-48D7-9FFD-EE866C9BD914}
		{BD3B6A28-E9F8-4E7F-A092-60F0F41B19D6} = {974DCDF5-5216-48D7-9FFD-EE866C9BD914}
		{3B9B9211-4C16-4524-BC41-6BB19DF2AC9D} = {974DCDF5-5216-48D7-9FFD-EE866C9BD914}
		{662A73B9-2A39-433D-9ADB-B4AA3B5124E2} = {974DCDF5-5216-48D7-9FFD-EE866C9BD914}
		{6ACBD1C5-812D-49CE-92BF-01CC46330200} = {974DCDF5-5216-48D7-9FFD-EE866C9BD914}
		{A78C41D2-CEF1-4DBC-9AF1-B3A49DF5BE9B} = {974DCDF5-5216-48D7-9FFD-EE866C9BD914}
		{6F205FD6-09A0-407E-B510-6277E53A19B6} = {974DCDF5-5216-48D7-9FFD-EE866C9BD914}
		{B830BDF8-A035-45A4-BB2A-158E49684349} = {974DCDF5-5216-48D7-9FFD-EE866C9BD914}
		{E205804B-1A6F-4DD9-B971-B7899E73CC1A} = {974DCDF5-5216-48D7-9FFD-EE866C9BD914}
		{DDB41DBC-D8EB-4D0B-8EC7-8D1C3D44615A} = {974DCDF5-5216-48D7-9FFD-EE866C9BD914}
		{5FA8C66E-5BC1-4445-AFCA-65EBDD1E7B93} = {974DCDF5-5216-48D7-9FFD-EE866C9BD914}
		{0F910CB1-504F-4C0C-9EE6-4242A348A69D} = {974DCDF5-5216-48D7-9FFD-EE866C9BD914}
	EndGlobalSection
	GlobalSection(ExtensibilityGlobals) = postSolution
		SolutionGuid = {AABA7E26-1CFC-4439-BF71-96FDA636EC37}
	EndGlobalSection
EndGlobal
